// !$*UTF8*$!
{
	archiveVersion = 1;
	classes = {
	};
	objectVersion = 46;
	objects = {

/* Begin PBXBuildFile section */
		0004C520FFDDAF3C8B20D5727940F8BB /* SelectionMonitor.swift in Sources */ = {isa = PBXBuildFile; fileRef = CDC74327D14D9DCAA03FEAB4F9A9C4E2 /* SelectionMonitor.swift */; };
		0111890C14913AB693AF74E066041FCB /* AppIcon.icon in Resources */ = {isa = PBXBuildFile; fileRef = E5CF5318E2D0AB9A621A9C98D9101947 /* AppIcon.icon */; };
		05524845B726037E7043FCA03EB9BAFC /* AppLanguageTests.swift in Sources */ = {isa = PBXBuildFile; fileRef = D9EA2886D046D311C043827B41FF42FA /* AppLanguageTests.swift */; };
		0652BA0A64FBC42B3D442E3D49DA4E09 /* PreviewLifecycleTests.swift in Sources */ = {isa = PBXBuildFile; fileRef = 91F3A689DC68947FAA3F588AE20E6DB2 /* PreviewLifecycleTests.swift */; };
		097024297EF27F4F5850A49734F4F542 /* ShortcutRecorder.swift in Sources */ = {isa = PBXBuildFile; fileRef = 5757150822665A84A08303440DDB1565 /* ShortcutRecorder.swift */; };
		0A0C2795A90DDFD940A66136B79A13C3 /* MermaidDetectorTests.swift in Sources */ = {isa = PBXBuildFile; fileRef = 598FB23247FC0E960CA258B1A9FEE5A6 /* MermaidDetectorTests.swift */; };
		0CFAE3AB12CCD53DE047A9A2E5ECC51B /* DocumentCaretSlice.swift in Sources */ = {isa = PBXBuildFile; fileRef = 9001F11432002688538A64DAF303BFEF /* DocumentCaretSlice.swift */; };
		178F3C0C522F01A2CA00A352B6D9630B /* flowpeek-glue.js in Resources */ = {isa = PBXBuildFile; fileRef = B5C6C5B84A0C60C9D61CC0B67B863F81 /* flowpeek-glue.js */; };
		1A701183EBDF9F93DFE7FE8E15A02C19 /* MermaidFailurePresentationTests.swift in Sources */ = {isa = PBXBuildFile; fileRef = 989261DA512091FF66791970FFA44B47 /* MermaidFailurePresentationTests.swift */; };
		2E5D57FC1C1FBEDC164774E0BB296868 /* ClipboardIndicator.swift in Sources */ = {isa = PBXBuildFile; fileRef = 87510CF884E8EF44B5FDBADD51724AA4 /* ClipboardIndicator.swift */; };
		318E3CA5B1632D7948CA5C6E7412B573 /* KeychainStore.swift in Sources */ = {isa = PBXBuildFile; fileRef = 675F425955DF074EAF73E13BF17BC790 /* KeychainStore.swift */; };
		31B6B95C11CDF3963B7EC2428C8E9489 /* ShortcutActivationPolicy.swift in Sources */ = {isa = PBXBuildFile; fileRef = 7457EDE55C2BCC0E59412EE675C46930 /* ShortcutActivationPolicy.swift */; };
		348282329F09A4089125827FC5FB880B /* TutorialPractice.swift in Sources */ = {isa = PBXBuildFile; fileRef = D1BEA0139F6D7683F0D5D92B621CD7C1 /* TutorialPractice.swift */; };
		3B98F34D52A07CDE354F4CF57CD2A826 /* PreviewSizeMemory.swift in Sources */ = {isa = PBXBuildFile; fileRef = EB8ACB5BC179A74C757E4F898E87F4E3 /* PreviewSizeMemory.swift */; };
		3C7CE9436DD6ACC06AAAB9BB42B66354 /* MermaidWebViewPool.swift in Sources */ = {isa = PBXBuildFile; fileRef = 9E224D21DC79610E2D1330C779A5D19A /* MermaidWebViewPool.swift */; };
		49C634598FF6CDD431971BD229DE6F73 /* AmbientPeekMonitor.swift in Sources */ = {isa = PBXBuildFile; fileRef = B2F4905CFA1D94744BAE906AD4CA35ED /* AmbientPeekMonitor.swift */; };
		4BAB5D9F5A0BC13D9C4A4CD856B70B13 /* ClipboardPreviewPolicy.swift in Sources */ = {isa = PBXBuildFile; fileRef = 67297F081F0A4746F2A84DE6946FB0F4 /* ClipboardPreviewPolicy.swift */; };
		4D36C79D665E5B23E32E1F84A23EC284 /* MenuBarStatusTests.swift in Sources */ = {isa = PBXBuildFile; fileRef = D95A8B4D4B379E1C5CA7196D2E09A82B /* MenuBarStatusTests.swift */; };
		4DE2DC053384FB5AED54A281BB597A3E /* libFlowPeekCore.a in Frameworks */ = {isa = PBXBuildFile; fileRef = 2E273BAB6E7F1C381D22D5106C82CA29 /* libFlowPeekCore.a */; };
		53103DF5463CF30D0995CDB55E5AC33D /* LocalizationCatalogTests.swift in Sources */ = {isa = PBXBuildFile; fileRef = 15BA7BBFBAA6A6422B5FE0AACE50EFFE /* LocalizationCatalogTests.swift */; };
		53796E0DD633ABBB495D78F83943FC0E /* APIKeyCoordinator.swift in Sources */ = {isa = PBXBuildFile; fileRef = A28C6DC5E59CCDD23454D881DDFE0E4E /* APIKeyCoordinator.swift */; };
		55DAFF9C5F38B8788A098A88EC945733 /* Cocoa.framework in Frameworks */ = {isa = PBXBuildFile; fileRef = 82ED1D28CA2B2EBBEF0C46E5B49C8263 /* Cocoa.framework */; };
		5C6C77235B5525A5F717525E5B1D761E /* MermaidDetectorCorpusTests.swift in Sources */ = {isa = PBXBuildFile; fileRef = 7826DE77E282CB11DB47ACE6700DF30C /* MermaidDetectorCorpusTests.swift */; };
		5E6C6DF861FC43CD563F599E5D3FE6E9 /* MermaidSourceTests.swift in Sources */ = {isa = PBXBuildFile; fileRef = B897C244E61AA8906B90F0A433E8833E /* MermaidSourceTests.swift */; };
		6024A343244336980D55CE70AEBE2212 /* LaunchAtLoginState.swift in Sources */ = {isa = PBXBuildFile; fileRef = ACB9315574E5A2F89C2052DA79F03876 /* LaunchAtLoginState.swift */; };
		6137BD0909C4B926AF249828DD311CBA /* OwnWindowHitTest.swift in Sources */ = {isa = PBXBuildFile; fileRef = 709D302741DC8B6D64A2D7B3062D9688 /* OwnWindowHitTest.swift */; };
		61B059D7FDD30893C60A215AE9B1A9F5 /* AIProviders.swift in Sources */ = {isa = PBXBuildFile; fileRef = 93273BB2B46F7E1FCDF369DC6C5E90EC /* AIProviders.swift */; };
		64A5B3EF922CD4670F06CF75327C55B8 /* RendererTestBundleTests.swift in Sources */ = {isa = PBXBuildFile; fileRef = 2EE7E5B275D4AF8D39C54BC18F3AE9F0 /* RendererTestBundleTests.swift */; };
		65F8B7F417DD27A250CB2750431F3426 /* ClipboardMonitor.swift in Sources */ = {isa = PBXBuildFile; fileRef = E342BAEE37F770591C83DDC0F00625DE /* ClipboardMonitor.swift */; };
		666B8C7CD61450752AB0FA0BC254CF04 /* libFlowPeekCore.a in Frameworks */ = {isa = PBXBuildFile; fileRef = 2E273BAB6E7F1C381D22D5106C82CA29 /* libFlowPeekCore.a */; };
		6757A879E0495B81A007746892DAB431 /* AppLanguage.swift in Sources */ = {isa = PBXBuildFile; fileRef = AFA1D4CE31FE737A1ADD0EEA74A3A4D5 /* AppLanguage.swift */; };
		6973165CE9436215D0BC44C99F42D399 /* SettingsWindowCoordinator.swift in Sources */ = {isa = PBXBuildFile; fileRef = 1D2E0C0272C21AA3BC606F0D757C6DA3 /* SettingsWindowCoordinator.swift */; };
		6B49BFE86334B1A7E7745260EB6DE49F /* Onboarding.swift in Sources */ = {isa = PBXBuildFile; fileRef = 56A69004F747A97E7182F95B14FF589F /* Onboarding.swift */; };
		6BE6AEE8721AF070A2D67069B39D41F8 /* MermaidWebView.swift in Sources */ = {isa = PBXBuildFile; fileRef = FFBD34D431576210158A7DAA34EE5468 /* MermaidWebView.swift */; };
		6D38940E090D203DF80D6B811A92C89F /* OnboardingPolicyTests.swift in Sources */ = {isa = PBXBuildFile; fileRef = D064319ED666ACD3C39FF1A97A9DD907 /* OnboardingPolicyTests.swift */; };
		6DA5DD90899DDE5D070C833625967CB5 /* Models.swift in Sources */ = {isa = PBXBuildFile; fileRef = 12B15240FC93063538720290AA1CDF95 /* Models.swift */; };
		706FE868683740597276F47A1C31CD52 /* AccessibilityPermissionFlow.swift in Sources */ = {isa = PBXBuildFile; fileRef = AFA8FB1E4765BCA53F4D46D1007DAFF6 /* AccessibilityPermissionFlow.swift */; };
		715B9DE3A7EB4CDECD6275B58FD56012 /* AmbientPeekTests.swift in Sources */ = {isa = PBXBuildFile; fileRef = 133C701E1D541CDCACCF2F626E09B6F6 /* AmbientPeekTests.swift */; };
		78433E4B4EFAB9C916DC0BD8E8204AE6 /* OnboardingPolicy.swift in Sources */ = {isa = PBXBuildFile; fileRef = 6CF89F06EFDBA53B93E7D4268544152E /* OnboardingPolicy.swift */; };
		812D29DFBAE788DC408EE4C1CE2178C3 /* SettingsView.swift in Sources */ = {isa = PBXBuildFile; fileRef = 312D6E2038A59F84CD5FE1F12F97B8D3 /* SettingsView.swift */; };
		8234C5D0682E006F54A35D7921838B6B /* SingleInstanceGuard.swift in Sources */ = {isa = PBXBuildFile; fileRef = A75683DB2E186A9532F67A07D8E98C42 /* SingleInstanceGuard.swift */; };
		86A46D79BAB26CB372E1E86CBBC1372C /* SelectionOverlay.swift in Sources */ = {isa = PBXBuildFile; fileRef = C85EE9D65F361A9050249FD676E4E4BA /* SelectionOverlay.swift */; };
		89364AA6A10A6EB954FC037D23E302E0 /* TutorialProgressTests.swift in Sources */ = {isa = PBXBuildFile; fileRef = D3351DC1BAF48E476F7BDF863667022D /* TutorialProgressTests.swift */; };
		8C13BFEB8BBF70AB44484E181DAE7464 /* DocumentCaretSliceTests.swift in Sources */ = {isa = PBXBuildFile; fileRef = 5653C189E4F44ACECA1FDBE04E0A69A3 /* DocumentCaretSliceTests.swift */; };
		8CAD64FFCF2AC49F1119773457CAEF0C /* mermaid.min.js in Resources */ = {isa = PBXBuildFile; fileRef = 35F114BEFDA0BABE7C74CC529FC48816 /* mermaid.min.js */; };
		90DD05A2C294356E207114AF8F16BD9E /* AccessibilityPermissionFlowTests.swift in Sources */ = {isa = PBXBuildFile; fileRef = ACAAE661751C7EFA7631D9A1DA41B3E5 /* AccessibilityPermissionFlowTests.swift */; };
		93864EC056FEE2BCA4F32C752DF3AA12 /* MermaidRendererTests.swift in Sources */ = {isa = PBXBuildFile; fileRef = 395329BCEC97F68564B44A474BBE2CAA /* MermaidRendererTests.swift */; };
		945E565CA7E4DFD82655A450FBB9A332 /* PreviewSizeMemoryTests.swift in Sources */ = {isa = PBXBuildFile; fileRef = FD471792956BBA7F963493BDA9ED6749 /* PreviewSizeMemoryTests.swift */; };
		955A6E663B81AEE46A24C5DA68CB07A1 /* AmbientHighlight.swift in Sources */ = {isa = PBXBuildFile; fileRef = 8400D2BE00BF654492355B1F025D434B /* AmbientHighlight.swift */; };
		97A5F19A07B82187425C54C1C7F384FD /* Localizable.strings in Resources */ = {isa = PBXBuildFile; fileRef = D96A920E2298DAD2862C8FDF45C5FBE4 /* Localizable.strings */; };
		97CCA90EAB143987AE7A3E2EDC45E626 /* LaunchAtLoginStateTests.swift in Sources */ = {isa = PBXBuildFile; fileRef = 0001112CBE5EB862CB6AFA373E4F61C5 /* LaunchAtLoginStateTests.swift */; };
		981D35960C2383648083EA7BC05CBA4D /* GlobalHotKey.swift in Sources */ = {isa = PBXBuildFile; fileRef = CADA8A486BEE5FEA93576323B7F10B65 /* GlobalHotKey.swift */; };
		9B27D77310780FC5ED59191C2D212AAC /* ClipboardRouteTests.swift in Sources */ = {isa = PBXBuildFile; fileRef = 09FA74BF8FDFA729FA4501210E109AB0 /* ClipboardRouteTests.swift */; };
		9B37E23B41584B5E0F5422BD20E95309 /* MermaidWebPolicy.swift in Sources */ = {isa = PBXBuildFile; fileRef = 9FA78700763CF7645DD7A4923F0BC2CF /* MermaidWebPolicy.swift */; };
		9D4BE8D5D4A06524983A337233582062 /* ShortcutActivationPolicyTests.swift in Sources */ = {isa = PBXBuildFile; fileRef = 525CFEED699E937ADAC7EC8861305484 /* ShortcutActivationPolicyTests.swift */; };
		A085C5468A9502A47E24DF1460B1A89E /* MermaidEnginePage.swift in Sources */ = {isa = PBXBuildFile; fileRef = 03FE14FC7CD54722099E923816A81E24 /* MermaidEnginePage.swift */; };
		A33B4DB892FF7D168C9968FA5530C790 /* Sparkle in Frameworks */ = {isa = PBXBuildFile; productRef = 80571162D0A99916056D932533B16FAB /* Sparkle */; };
		A668619CDC21677B1CA483697B496DD9 /* MacMermaidTheme.swift in Sources */ = {isa = PBXBuildFile; fileRef = EEBC3B17E5D36AFEC12517C2A68B755C /* MacMermaidTheme.swift */; };
		A86F0C428BBCA9B774BCBC2735B1B896 /* AmbientPeek.swift in Sources */ = {isa = PBXBuildFile; fileRef = 07B03893A869E6BA19516BA0825D6049 /* AmbientPeek.swift */; };
		AF00FC37AB1DE3AC8B9326C1EDFB1A93 /* AppDelegate.swift in Sources */ = {isa = PBXBuildFile; fileRef = A1BC50BC969800C828E64C50886EDAC4 /* AppDelegate.swift */; };
		B3A36B4A37F6ED11CCF1BF1E7DDF3D83 /* GlassWindowComponents.swift in Sources */ = {isa = PBXBuildFile; fileRef = C510E466926B3970465AC76678C4CF29 /* GlassWindowComponents.swift */; };
		B45588966504A28378A87B0210F51299 /* MenuBarStatus.swift in Sources */ = {isa = PBXBuildFile; fileRef = E4FC462637512E512EEBDB17E17AD758 /* MenuBarStatus.swift */; };
		B4CEE97EAA9D2E3D97CE6A706797948B /* MermaidSource.swift in Sources */ = {isa = PBXBuildFile; fileRef = 58DFBA95A26A7D914AF13BCCA7706AEA /* MermaidSource.swift */; };
		B5D032D216E338B4AB8F386A0598AC7D /* DiagramPreview.swift in Sources */ = {isa = PBXBuildFile; fileRef = 2FD817769515459837CF2DD74C1DA3EF /* DiagramPreview.swift */; };
		B8CA9715DDB428B8FF2B777F3C443959 /* FlowPeekApp.swift in Sources */ = {isa = PBXBuildFile; fileRef = D70845432DAF9D05056D5636693DAB70 /* FlowPeekApp.swift */; };
		B9511C9C005FDB13B09426EA49007069 /* InstallLocationAdvisor.swift in Sources */ = {isa = PBXBuildFile; fileRef = D3EF82E3B49E3AEB1CB63854814FD1F6 /* InstallLocationAdvisor.swift */; };
		BCC3A147A9F26A9026E52DCD1F8DD9ED /* UpdaterService.swift in Sources */ = {isa = PBXBuildFile; fileRef = E58894A49E06F0756D8AA1035CCE4DB4 /* UpdaterService.swift */; };
		BE312C9F92CB3C219ADBBF6CD18F45FF /* SelectionGathererTests.swift in Sources */ = {isa = PBXBuildFile; fileRef = 87BACA4C25C593CC46F03CF8EAA3D2D6 /* SelectionGathererTests.swift */; };
		C663E533F98B5119A08209F8464A017B /* TutorialProgress.swift in Sources */ = {isa = PBXBuildFile; fileRef = 0F332FF1396279EA28E7E78293FCD938 /* TutorialProgress.swift */; };
		C74334BDE5D7AF429148877A4B8CFDDE /* MermaidFailurePresentation.swift in Sources */ = {isa = PBXBuildFile; fileRef = 9DDCFC2E89906BAD7C46B50381851408 /* MermaidFailurePresentation.swift */; };
		C91BE32174A1B5C0225EB92D8F35301D /* MermaidEngineTests.swift in Sources */ = {isa = PBXBuildFile; fileRef = 45F01AE5328FDD1D0BB79CFA11509F6D /* MermaidEngineTests.swift */; };
		C929AB7A8FE93F8375E826FC8E7F4A22 /* SelectionSnapshotTests.swift in Sources */ = {isa = PBXBuildFile; fileRef = C6E18FD0651222B43472F4C009A86424 /* SelectionSnapshotTests.swift */; };
		D433C0DB29D7D676ECDC9E5878E6EBFC /* AppCommandRouterTests.swift in Sources */ = {isa = PBXBuildFile; fileRef = D790DEDDBA11F22B8AFFEBC7BAB43FB1 /* AppCommandRouterTests.swift */; };
		D5C7B0D6E2C0B307A1CCC32BBFCBA630 /* KeyboardShortcutTests.swift in Sources */ = {isa = PBXBuildFile; fileRef = E844A861B7F70C8DFD011C8D65FAF242 /* KeyboardShortcutTests.swift */; };
		D8A240A2E6DFC54F1A5B9EFD0CA47707 /* MermaidDetector.swift in Sources */ = {isa = PBXBuildFile; fileRef = BF06F92A7BCD30D896FD6B8632D84AA2 /* MermaidDetector.swift */; };
		DD05EFAF9811E4612256A63E2A58F8B5 /* ResizableContentView.swift in Sources */ = {isa = PBXBuildFile; fileRef = C60464E1F8A6FA00079A7298E7D99E3E /* ResizableContentView.swift */; };
		DEFB33998C8A59241248327C7537F2C4 /* MermaidRenderer.swift in Sources */ = {isa = PBXBuildFile; fileRef = 6BF47C42A90C754BCE6058ACD01C2F46 /* MermaidRenderer.swift */; };
		E255B4F624A177CED52E5BB9DB618C6E /* MenuBarStatusRoutingTests.swift in Sources */ = {isa = PBXBuildFile; fileRef = B144432F8908CAABEDCFA8C44A0CEAB8 /* MenuBarStatusRoutingTests.swift */; };
		E49B4C8112148031C2BFBAAA3008F326 /* SingleInstanceGuardTests.swift in Sources */ = {isa = PBXBuildFile; fileRef = E3509BB5669328ABFF26380CB342346F /* SingleInstanceGuardTests.swift */; };
		E5EE42122C8918E0BAA9D017223A5EF7 /* AIPrompt.swift in Sources */ = {isa = PBXBuildFile; fileRef = 6277AE16C847E47C8E7FBCBB81ACA652 /* AIPrompt.swift */; };
		EABC29B194D9E1A8141CB99F788E6F63 /* MenuBarContent.swift in Sources */ = {isa = PBXBuildFile; fileRef = 3AB12B8B9669C7CAD67882C68B09320C /* MenuBarContent.swift */; };
		EB99F6F81EEBBDF839E6FDFA0478E0ED /* ShortcutCenter.swift in Sources */ = {isa = PBXBuildFile; fileRef = BD24DA64D851D0AB95975019D6D9B6B1 /* ShortcutCenter.swift */; };
		EBF7676B5684BEB398F0F023C30A8E18 /* AppCommandRouter.swift in Sources */ = {isa = PBXBuildFile; fileRef = E196218D3AAFDE653BC4CD629D7B5BAE /* AppCommandRouter.swift */; };
		ECB8E911A46C566EA316DEAAACE9E907 /* ClipboardPreviewPolicyTests.swift in Sources */ = {isa = PBXBuildFile; fileRef = 15DB06242281406D9F51CE58618EAAF8 /* ClipboardPreviewPolicyTests.swift */; };
		EE2703A9A4A3E0B0524F857318B7CB43 /* Cocoa.framework in Frameworks */ = {isa = PBXBuildFile; fileRef = 82ED1D28CA2B2EBBEF0C46E5B49C8263 /* Cocoa.framework */; };
		F14C3922CF0C5F07A2749FADECA17AF4 /* AppState.swift in Sources */ = {isa = PBXBuildFile; fileRef = 705003DDCF4E836CD282DA177916AD92 /* AppState.swift */; };
		F2BB65F4E8D90A690F919973042FE31A /* SelectionGatherer.swift in Sources */ = {isa = PBXBuildFile; fileRef = CD469DCEFA9726900A9A08329DF91488 /* SelectionGatherer.swift */; };
		F5D0D58556248CF532FDA1FA0F8B3112 /* KeyboardShortcut.swift in Sources */ = {isa = PBXBuildFile; fileRef = EED62329B359F96E0EC2E89AE6886D8F /* KeyboardShortcut.swift */; };
		FCD73FA78F638465E0DFF6328422CB9B /* Cocoa.framework in Frameworks */ = {isa = PBXBuildFile; fileRef = 82ED1D28CA2B2EBBEF0C46E5B49C8263 /* Cocoa.framework */; };
/* End PBXBuildFile section */

/* Begin PBXContainerItemProxy section */
		CC585C35F777CD6C9CFE46694EF4AE00 /* PBXContainerItemProxy */ = {
			isa = PBXContainerItemProxy;
			containerPortal = C70FEABD27D5F1808DAE5EAE67B4D9FE /* Project object */;
			proxyType = 1;
			remoteGlobalIDString = AA6B4D13974DAF8AA0EBAC90BEE49BA2;
			remoteInfo = FlowPeek;
		};
		CFAC84B288FE7D6AA838DBC72BAF1CF1 /* PBXContainerItemProxy */ = {
			isa = PBXContainerItemProxy;
			containerPortal = C70FEABD27D5F1808DAE5EAE67B4D9FE /* Project object */;
			proxyType = 1;
			remoteGlobalIDString = 3CB4ED5FECBD2D665ED232B4A559E298;
			remoteInfo = FlowPeekCore;
		};
		E7BEA9743E9C0D3FAA6144DDCDC796C3 /* PBXContainerItemProxy */ = {
			isa = PBXContainerItemProxy;
			containerPortal = C70FEABD27D5F1808DAE5EAE67B4D9FE /* Project object */;
			proxyType = 1;
			remoteGlobalIDString = 3CB4ED5FECBD2D665ED232B4A559E298;
			remoteInfo = FlowPeekCore;
		};
/* End PBXContainerItemProxy section */

/* Begin PBXFileReference section */
		0001112CBE5EB862CB6AFA373E4F61C5 /* LaunchAtLoginStateTests.swift */ = {isa = PBXFileReference; includeInIndex = 1; lastKnownFileType = sourcecode.swift; path = LaunchAtLoginStateTests.swift; sourceTree = "<group>"; };
		03FE14FC7CD54722099E923816A81E24 /* MermaidEnginePage.swift */ = {isa = PBXFileReference; includeInIndex = 1; lastKnownFileType = sourcecode.swift; path = MermaidEnginePage.swift; sourceTree = "<group>"; };
		07B03893A869E6BA19516BA0825D6049 /* AmbientPeek.swift */ = {isa = PBXFileReference; includeInIndex = 1; lastKnownFileType = sourcecode.swift; path = AmbientPeek.swift; sourceTree = "<group>"; };
		09FA74BF8FDFA729FA4501210E109AB0 /* ClipboardRouteTests.swift */ = {isa = PBXFileReference; includeInIndex = 1; lastKnownFileType = sourcecode.swift; path = ClipboardRouteTests.swift; sourceTree = "<group>"; };
		0F332FF1396279EA28E7E78293FCD938 /* TutorialProgress.swift */ = {isa = PBXFileReference; includeInIndex = 1; lastKnownFileType = sourcecode.swift; path = TutorialProgress.swift; sourceTree = "<group>"; };
		12B15240FC93063538720290AA1CDF95 /* Models.swift */ = {isa = PBXFileReference; includeInIndex = 1; lastKnownFileType = sourcecode.swift; path = Models.swift; sourceTree = "<group>"; };
		133C701E1D541CDCACCF2F626E09B6F6 /* AmbientPeekTests.swift */ = {isa = PBXFileReference; includeInIndex = 1; lastKnownFileType = sourcecode.swift; path = AmbientPeekTests.swift; sourceTree = "<group>"; };
		15BA7BBFBAA6A6422B5FE0AACE50EFFE /* LocalizationCatalogTests.swift */ = {isa = PBXFileReference; includeInIndex = 1; lastKnownFileType = sourcecode.swift; path = LocalizationCatalogTests.swift; sourceTree = "<group>"; };
		15DB06242281406D9F51CE58618EAAF8 /* ClipboardPreviewPolicyTests.swift */ = {isa = PBXFileReference; includeInIndex = 1; lastKnownFileType = sourcecode.swift; path = ClipboardPreviewPolicyTests.swift; sourceTree = "<group>"; };
		1C0C8218000D324E1829DC663ABDF236 /* Info.plist */ = {isa = PBXFileReference; includeInIndex = 1; lastKnownFileType = text.plist.xml; path = Info.plist; sourceTree = "<group>"; };
		1D2E0C0272C21AA3BC606F0D757C6DA3 /* SettingsWindowCoordinator.swift */ = {isa = PBXFileReference; includeInIndex = 1; lastKnownFileType = sourcecode.swift; path = SettingsWindowCoordinator.swift; sourceTree = "<group>"; };
		2E273BAB6E7F1C381D22D5106C82CA29 /* libFlowPeekCore.a */ = {isa = PBXFileReference; explicitFileType = archive.ar; includeInIndex = 0; path = libFlowPeekCore.a; sourceTree = BUILT_PRODUCTS_DIR; };
		2EE7E5B275D4AF8D39C54BC18F3AE9F0 /* RendererTestBundleTests.swift */ = {isa = PBXFileReference; includeInIndex = 1; lastKnownFileType = sourcecode.swift; path = RendererTestBundleTests.swift; sourceTree = "<group>"; };
		2FD817769515459837CF2DD74C1DA3EF /* DiagramPreview.swift */ = {isa = PBXFileReference; includeInIndex = 1; lastKnownFileType = sourcecode.swift; path = DiagramPreview.swift; sourceTree = "<group>"; };
		312D6E2038A59F84CD5FE1F12F97B8D3 /* SettingsView.swift */ = {isa = PBXFileReference; includeInIndex = 1; lastKnownFileType = sourcecode.swift; path = SettingsView.swift; sourceTree = "<group>"; };
		35F114BEFDA0BABE7C74CC529FC48816 /* mermaid.min.js */ = {isa = PBXFileReference; includeInIndex = 1; path = mermaid.min.js; sourceTree = "<group>"; };
		395329BCEC97F68564B44A474BBE2CAA /* MermaidRendererTests.swift */ = {isa = PBXFileReference; includeInIndex = 1; lastKnownFileType = sourcecode.swift; path = MermaidRendererTests.swift; sourceTree = "<group>"; };
		3AB12B8B9669C7CAD67882C68B09320C /* MenuBarContent.swift */ = {isa = PBXFileReference; includeInIndex = 1; lastKnownFileType = sourcecode.swift; path = MenuBarContent.swift; sourceTree = "<group>"; };
		45F01AE5328FDD1D0BB79CFA11509F6D /* MermaidEngineTests.swift */ = {isa = PBXFileReference; includeInIndex = 1; lastKnownFileType = sourcecode.swift; path = MermaidEngineTests.swift; sourceTree = "<group>"; };
		525CFEED699E937ADAC7EC8861305484 /* ShortcutActivationPolicyTests.swift */ = {isa = PBXFileReference; includeInIndex = 1; lastKnownFileType = sourcecode.swift; path = ShortcutActivationPolicyTests.swift; sourceTree = "<group>"; };
		5653C189E4F44ACECA1FDBE04E0A69A3 /* DocumentCaretSliceTests.swift */ = {isa = PBXFileReference; includeInIndex = 1; lastKnownFileType = sourcecode.swift; path = DocumentCaretSliceTests.swift; sourceTree = "<group>"; };
		56A69004F747A97E7182F95B14FF589F /* Onboarding.swift */ = {isa = PBXFileReference; includeInIndex = 1; lastKnownFileType = sourcecode.swift; path = Onboarding.swift; sourceTree = "<group>"; };
		5757150822665A84A08303440DDB1565 /* ShortcutRecorder.swift */ = {isa = PBXFileReference; includeInIndex = 1; lastKnownFileType = sourcecode.swift; path = ShortcutRecorder.swift; sourceTree = "<group>"; };
		58DFBA95A26A7D914AF13BCCA7706AEA /* MermaidSource.swift */ = {isa = PBXFileReference; includeInIndex = 1; lastKnownFileType = sourcecode.swift; path = MermaidSource.swift; sourceTree = "<group>"; };
		598FB23247FC0E960CA258B1A9FEE5A6 /* MermaidDetectorTests.swift */ = {isa = PBXFileReference; includeInIndex = 1; lastKnownFileType = sourcecode.swift; path = MermaidDetectorTests.swift; sourceTree = "<group>"; };
		6277AE16C847E47C8E7FBCBB81ACA652 /* AIPrompt.swift */ = {isa = PBXFileReference; includeInIndex = 1; lastKnownFileType = sourcecode.swift; path = AIPrompt.swift; sourceTree = "<group>"; };
		67297F081F0A4746F2A84DE6946FB0F4 /* ClipboardPreviewPolicy.swift */ = {isa = PBXFileReference; includeInIndex = 1; lastKnownFileType = sourcecode.swift; path = ClipboardPreviewPolicy.swift; sourceTree = "<group>"; };
		675F425955DF074EAF73E13BF17BC790 /* KeychainStore.swift */ = {isa = PBXFileReference; includeInIndex = 1; lastKnownFileType = sourcecode.swift; path = KeychainStore.swift; sourceTree = "<group>"; };
		6BF47C42A90C754BCE6058ACD01C2F46 /* MermaidRenderer.swift */ = {isa = PBXFileReference; includeInIndex = 1; lastKnownFileType = sourcecode.swift; path = MermaidRenderer.swift; sourceTree = "<group>"; };
		6CB12CED791B687066C8DB4CF40E9A30 /* FlowPeekCoreTests.xctest */ = {isa = PBXFileReference; explicitFileType = wrapper.cfbundle; includeInIndex = 0; path = FlowPeekCoreTests.xctest; sourceTree = BUILT_PRODUCTS_DIR; };
		6CF89F06EFDBA53B93E7D4268544152E /* OnboardingPolicy.swift */ = {isa = PBXFileReference; includeInIndex = 1; lastKnownFileType = sourcecode.swift; path = OnboardingPolicy.swift; sourceTree = "<group>"; };
		705003DDCF4E836CD282DA177916AD92 /* AppState.swift */ = {isa = PBXFileReference; includeInIndex = 1; lastKnownFileType = sourcecode.swift; path = AppState.swift; sourceTree = "<group>"; };
		709D302741DC8B6D64A2D7B3062D9688 /* OwnWindowHitTest.swift */ = {isa = PBXFileReference; includeInIndex = 1; lastKnownFileType = sourcecode.swift; path = OwnWindowHitTest.swift; sourceTree = "<group>"; };
		7457EDE55C2BCC0E59412EE675C46930 /* ShortcutActivationPolicy.swift */ = {isa = PBXFileReference; includeInIndex = 1; lastKnownFileType = sourcecode.swift; path = ShortcutActivationPolicy.swift; sourceTree = "<group>"; };
		7826DE77E282CB11DB47ACE6700DF30C /* MermaidDetectorCorpusTests.swift */ = {isa = PBXFileReference; includeInIndex = 1; lastKnownFileType = sourcecode.swift; path = MermaidDetectorCorpusTests.swift; sourceTree = "<group>"; };
		82ED1D28CA2B2EBBEF0C46E5B49C8263 /* Cocoa.framework */ = {isa = PBXFileReference; lastKnownFileType = wrapper.framework; name = Cocoa.framework; path = Platforms/MacOSX.platform/Developer/SDKs/MacOSX26.0.sdk/System/Library/Frameworks/Cocoa.framework; sourceTree = DEVELOPER_DIR; };
		8400D2BE00BF654492355B1F025D434B /* AmbientHighlight.swift */ = {isa = PBXFileReference; includeInIndex = 1; lastKnownFileType = sourcecode.swift; path = AmbientHighlight.swift; sourceTree = "<group>"; };
		87510CF884E8EF44B5FDBADD51724AA4 /* ClipboardIndicator.swift */ = {isa = PBXFileReference; includeInIndex = 1; lastKnownFileType = sourcecode.swift; path = ClipboardIndicator.swift; sourceTree = "<group>"; };
		87BACA4C25C593CC46F03CF8EAA3D2D6 /* SelectionGathererTests.swift */ = {isa = PBXFileReference; includeInIndex = 1; lastKnownFileType = sourcecode.swift; path = SelectionGathererTests.swift; sourceTree = "<group>"; };
		9001F11432002688538A64DAF303BFEF /* DocumentCaretSlice.swift */ = {isa = PBXFileReference; includeInIndex = 1; lastKnownFileType = sourcecode.swift; path = DocumentCaretSlice.swift; sourceTree = "<group>"; };
		91F3A689DC68947FAA3F588AE20E6DB2 /* PreviewLifecycleTests.swift */ = {isa = PBXFileReference; includeInIndex = 1; lastKnownFileType = sourcecode.swift; path = PreviewLifecycleTests.swift; sourceTree = "<group>"; };
		93273BB2B46F7E1FCDF369DC6C5E90EC /* AIProviders.swift */ = {isa = PBXFileReference; includeInIndex = 1; lastKnownFileType = sourcecode.swift; path = AIProviders.swift; sourceTree = "<group>"; };
		989261DA512091FF66791970FFA44B47 /* MermaidFailurePresentationTests.swift */ = {isa = PBXFileReference; includeInIndex = 1; lastKnownFileType = sourcecode.swift; path = MermaidFailurePresentationTests.swift; sourceTree = "<group>"; };
		9DDCFC2E89906BAD7C46B50381851408 /* MermaidFailurePresentation.swift */ = {isa = PBXFileReference; includeInIndex = 1; lastKnownFileType = sourcecode.swift; path = MermaidFailurePresentation.swift; sourceTree = "<group>"; };
		9E224D21DC79610E2D1330C779A5D19A /* MermaidWebViewPool.swift */ = {isa = PBXFileReference; includeInIndex = 1; lastKnownFileType = sourcecode.swift; path = MermaidWebViewPool.swift; sourceTree = "<group>"; };
		9FA78700763CF7645DD7A4923F0BC2CF /* MermaidWebPolicy.swift */ = {isa = PBXFileReference; includeInIndex = 1; lastKnownFileType = sourcecode.swift; path = MermaidWebPolicy.swift; sourceTree = "<group>"; };
		A1BC50BC969800C828E64C50886EDAC4 /* AppDelegate.swift */ = {isa = PBXFileReference; includeInIndex = 1; lastKnownFileType = sourcecode.swift; path = AppDelegate.swift; sourceTree = "<group>"; };
		A28C6DC5E59CCDD23454D881DDFE0E4E /* APIKeyCoordinator.swift */ = {isa = PBXFileReference; includeInIndex = 1; lastKnownFileType = sourcecode.swift; path = APIKeyCoordinator.swift; sourceTree = "<group>"; };
		A75683DB2E186A9532F67A07D8E98C42 /* SingleInstanceGuard.swift */ = {isa = PBXFileReference; includeInIndex = 1; lastKnownFileType = sourcecode.swift; path = SingleInstanceGuard.swift; sourceTree = "<group>"; };
		ABA492181E9672BC21AAF398261463DE /* FlowPeekRendererTests.xctest */ = {isa = PBXFileReference; explicitFileType = wrapper.cfbundle; includeInIndex = 0; path = FlowPeekRendererTests.xctest; sourceTree = BUILT_PRODUCTS_DIR; };
		ACAAE661751C7EFA7631D9A1DA41B3E5 /* AccessibilityPermissionFlowTests.swift */ = {isa = PBXFileReference; includeInIndex = 1; lastKnownFileType = sourcecode.swift; path = AccessibilityPermissionFlowTests.swift; sourceTree = "<group>"; };
		ACB9315574E5A2F89C2052DA79F03876 /* LaunchAtLoginState.swift */ = {isa = PBXFileReference; includeInIndex = 1; lastKnownFileType = sourcecode.swift; path = LaunchAtLoginState.swift; sourceTree = "<group>"; };
		AFA1D4CE31FE737A1ADD0EEA74A3A4D5 /* AppLanguage.swift */ = {isa = PBXFileReference; includeInIndex = 1; lastKnownFileType = sourcecode.swift; path = AppLanguage.swift; sourceTree = "<group>"; };
		AFA8FB1E4765BCA53F4D46D1007DAFF6 /* AccessibilityPermissionFlow.swift */ = {isa = PBXFileReference; includeInIndex = 1; lastKnownFileType = sourcecode.swift; path = AccessibilityPermissionFlow.swift; sourceTree = "<group>"; };
		B144432F8908CAABEDCFA8C44A0CEAB8 /* MenuBarStatusRoutingTests.swift */ = {isa = PBXFileReference; includeInIndex = 1; lastKnownFileType = sourcecode.swift; path = MenuBarStatusRoutingTests.swift; sourceTree = "<group>"; };
		B2F4905CFA1D94744BAE906AD4CA35ED /* AmbientPeekMonitor.swift */ = {isa = PBXFileReference; includeInIndex = 1; lastKnownFileType = sourcecode.swift; path = AmbientPeekMonitor.swift; sourceTree = "<group>"; };
		B5C6C5B84A0C60C9D61CC0B67B863F81 /* flowpeek-glue.js */ = {isa = PBXFileReference; includeInIndex = 1; path = "flowpeek-glue.js"; sourceTree = "<group>"; };
		B7CDFB2D9909084ADB9F6EBE7D87164B /* FlowPeek.app */ = {isa = PBXFileReference; explicitFileType = wrapper.application; includeInIndex = 0; path = FlowPeek.app; sourceTree = BUILT_PRODUCTS_DIR; };
		B897C244E61AA8906B90F0A433E8833E /* MermaidSourceTests.swift */ = {isa = PBXFileReference; includeInIndex = 1; lastKnownFileType = sourcecode.swift; path = MermaidSourceTests.swift; sourceTree = "<group>"; };
		BD24DA64D851D0AB95975019D6D9B6B1 /* ShortcutCenter.swift */ = {isa = PBXFileReference; includeInIndex = 1; lastKnownFileType = sourcecode.swift; path = ShortcutCenter.swift; sourceTree = "<group>"; };
		BF06F92A7BCD30D896FD6B8632D84AA2 /* MermaidDetector.swift */ = {isa = PBXFileReference; includeInIndex = 1; lastKnownFileType = sourcecode.swift; path = MermaidDetector.swift; sourceTree = "<group>"; };
		C510E466926B3970465AC76678C4CF29 /* GlassWindowComponents.swift */ = {isa = PBXFileReference; includeInIndex = 1; lastKnownFileType = sourcecode.swift; path = GlassWindowComponents.swift; sourceTree = "<group>"; };
		C60464E1F8A6FA00079A7298E7D99E3E /* ResizableContentView.swift */ = {isa = PBXFileReference; includeInIndex = 1; lastKnownFileType = sourcecode.swift; path = ResizableContentView.swift; sourceTree = "<group>"; };
		C6ACC7750AE03B06D8E7374ABB25EB4A /* FlowPeek.entitlements */ = {isa = PBXFileReference; includeInIndex = 1; lastKnownFileType = text.plist.entitlements; path = FlowPeek.entitlements; sourceTree = "<group>"; };
		C6E18FD0651222B43472F4C009A86424 /* SelectionSnapshotTests.swift */ = {isa = PBXFileReference; includeInIndex = 1; lastKnownFileType = sourcecode.swift; path = SelectionSnapshotTests.swift; sourceTree = "<group>"; };
		C85EE9D65F361A9050249FD676E4E4BA /* SelectionOverlay.swift */ = {isa = PBXFileReference; includeInIndex = 1; lastKnownFileType = sourcecode.swift; path = SelectionOverlay.swift; sourceTree = "<group>"; };
		CADA8A486BEE5FEA93576323B7F10B65 /* GlobalHotKey.swift */ = {isa = PBXFileReference; includeInIndex = 1; lastKnownFileType = sourcecode.swift; path = GlobalHotKey.swift; sourceTree = "<group>"; };
		CD469DCEFA9726900A9A08329DF91488 /* SelectionGatherer.swift */ = {isa = PBXFileReference; includeInIndex = 1; lastKnownFileType = sourcecode.swift; path = SelectionGatherer.swift; sourceTree = "<group>"; };
		CDC74327D14D9DCAA03FEAB4F9A9C4E2 /* SelectionMonitor.swift */ = {isa = PBXFileReference; includeInIndex = 1; lastKnownFileType = sourcecode.swift; path = SelectionMonitor.swift; sourceTree = "<group>"; };
		D064319ED666ACD3C39FF1A97A9DD907 /* OnboardingPolicyTests.swift */ = {isa = PBXFileReference; includeInIndex = 1; lastKnownFileType = sourcecode.swift; path = OnboardingPolicyTests.swift; sourceTree = "<group>"; };
		D1A688FA9FB053AC63C88CAF4CCDE204 /* Localizable.strings */ = {isa = PBXFileReference; includeInIndex = 1; lastKnownFileType = text.plist.strings; name = Localizable.strings; path = en.lproj/Localizable.strings; sourceTree = "<group>"; };
		D1BEA0139F6D7683F0D5D92B621CD7C1 /* TutorialPractice.swift */ = {isa = PBXFileReference; includeInIndex = 1; lastKnownFileType = sourcecode.swift; path = TutorialPractice.swift; sourceTree = "<group>"; };
		D3351DC1BAF48E476F7BDF863667022D /* TutorialProgressTests.swift */ = {isa = PBXFileReference; includeInIndex = 1; lastKnownFileType = sourcecode.swift; path = TutorialProgressTests.swift; sourceTree = "<group>"; };
		D3EF82E3B49E3AEB1CB63854814FD1F6 /* InstallLocationAdvisor.swift */ = {isa = PBXFileReference; includeInIndex = 1; lastKnownFileType = sourcecode.swift; path = InstallLocationAdvisor.swift; sourceTree = "<group>"; };
		D70845432DAF9D05056D5636693DAB70 /* FlowPeekApp.swift */ = {isa = PBXFileReference; includeInIndex = 1; lastKnownFileType = sourcecode.swift; path = FlowPeekApp.swift; sourceTree = "<group>"; };
		D790DEDDBA11F22B8AFFEBC7BAB43FB1 /* AppCommandRouterTests.swift */ = {isa = PBXFileReference; includeInIndex = 1; lastKnownFileType = sourcecode.swift; path = AppCommandRouterTests.swift; sourceTree = "<group>"; };
		D95A8B4D4B379E1C5CA7196D2E09A82B /* MenuBarStatusTests.swift */ = {isa = PBXFileReference; includeInIndex = 1; lastKnownFileType = sourcecode.swift; path = MenuBarStatusTests.swift; sourceTree = "<group>"; };
		D9EA2886D046D311C043827B41FF42FA /* AppLanguageTests.swift */ = {isa = PBXFileReference; includeInIndex = 1; lastKnownFileType = sourcecode.swift; path = AppLanguageTests.swift; sourceTree = "<group>"; };
		E196218D3AAFDE653BC4CD629D7B5BAE /* AppCommandRouter.swift */ = {isa = PBXFileReference; includeInIndex = 1; lastKnownFileType = sourcecode.swift; path = AppCommandRouter.swift; sourceTree = "<group>"; };
		E342BAEE37F770591C83DDC0F00625DE /* ClipboardMonitor.swift */ = {isa = PBXFileReference; includeInIndex = 1; lastKnownFileType = sourcecode.swift; path = ClipboardMonitor.swift; sourceTree = "<group>"; };
		E3509BB5669328ABFF26380CB342346F /* SingleInstanceGuardTests.swift */ = {isa = PBXFileReference; includeInIndex = 1; lastKnownFileType = sourcecode.swift; path = SingleInstanceGuardTests.swift; sourceTree = "<group>"; };
		E4FC462637512E512EEBDB17E17AD758 /* MenuBarStatus.swift */ = {isa = PBXFileReference; includeInIndex = 1; lastKnownFileType = sourcecode.swift; path = MenuBarStatus.swift; sourceTree = "<group>"; };
		E58894A49E06F0756D8AA1035CCE4DB4 /* UpdaterService.swift */ = {isa = PBXFileReference; includeInIndex = 1; lastKnownFileType = sourcecode.swift; path = UpdaterService.swift; sourceTree = "<group>"; };
		E5CF5318E2D0AB9A621A9C98D9101947 /* AppIcon.icon */ = {isa = PBXFileReference; includeInIndex = 1; path = AppIcon.icon; sourceTree = "<group>"; };
		E844A861B7F70C8DFD011C8D65FAF242 /* KeyboardShortcutTests.swift */ = {isa = PBXFileReference; includeInIndex = 1; lastKnownFileType = sourcecode.swift; path = KeyboardShortcutTests.swift; sourceTree = "<group>"; };
		EB8ACB5BC179A74C757E4F898E87F4E3 /* PreviewSizeMemory.swift */ = {isa = PBXFileReference; includeInIndex = 1; lastKnownFileType = sourcecode.swift; path = PreviewSizeMemory.swift; sourceTree = "<group>"; };
		EEBC3B17E5D36AFEC12517C2A68B755C /* MacMermaidTheme.swift */ = {isa = PBXFileReference; includeInIndex = 1; lastKnownFileType = sourcecode.swift; path = MacMermaidTheme.swift; sourceTree = "<group>"; };
		EED62329B359F96E0EC2E89AE6886D8F /* KeyboardShortcut.swift */ = {isa = PBXFileReference; includeInIndex = 1; lastKnownFileType = sourcecode.swift; path = KeyboardShortcut.swift; sourceTree = "<group>"; };
		FC83DFD4DDB89B67A6053D3B4D58FCFC /* Localizable.strings */ = {isa = PBXFileReference; includeInIndex = 1; lastKnownFileType = text.plist.strings; name = Localizable.strings; path = ko.lproj/Localizable.strings; sourceTree = "<group>"; };
		FD471792956BBA7F963493BDA9ED6749 /* PreviewSizeMemoryTests.swift */ = {isa = PBXFileReference; includeInIndex = 1; lastKnownFileType = sourcecode.swift; path = PreviewSizeMemoryTests.swift; sourceTree = "<group>"; };
		FFBD34D431576210158A7DAA34EE5468 /* MermaidWebView.swift */ = {isa = PBXFileReference; includeInIndex = 1; lastKnownFileType = sourcecode.swift; path = MermaidWebView.swift; sourceTree = "<group>"; };
/* End PBXFileReference section */

/* Begin PBXFrameworksBuildPhase section */
		1FC2A6DB819E0F4CB0679FC8581A263A /* Frameworks */ = {
			isa = PBXFrameworksBuildPhase;
			buildActionMask = 2147483647;
			files = (
			);
			runOnlyForDeploymentPostprocessing = 0;
		};
		229FE795EAD48433EA5A7853ECBB6F83 /* Frameworks */ = {
			isa = PBXFrameworksBuildPhase;
			buildActionMask = 2147483647;
			files = (
				55DAFF9C5F38B8788A098A88EC945733 /* Cocoa.framework in Frameworks */,
				4DE2DC053384FB5AED54A281BB597A3E /* libFlowPeekCore.a in Frameworks */,
				A33B4DB892FF7D168C9968FA5530C790 /* Sparkle in Frameworks */,
			);
			runOnlyForDeploymentPostprocessing = 0;
		};
		7543B2F6B7D9A80E7A56FF6BA2B99AF2 /* Frameworks */ = {
			isa = PBXFrameworksBuildPhase;
			buildActionMask = 2147483647;
			files = (
				FCD73FA78F638465E0DFF6328422CB9B /* Cocoa.framework in Frameworks */,
				666B8C7CD61450752AB0FA0BC254CF04 /* libFlowPeekCore.a in Frameworks */,
			);
			runOnlyForDeploymentPostprocessing = 0;
		};
		DFF81372F51C0C8B87DE18237A271D2C /* Frameworks */ = {
			isa = PBXFrameworksBuildPhase;
			buildActionMask = 2147483647;
			files = (
				EE2703A9A4A3E0B0524F857318B7CB43 /* Cocoa.framework in Frameworks */,
			);
			runOnlyForDeploymentPostprocessing = 0;
		};
/* End PBXFrameworksBuildPhase section */

/* Begin PBXGroup section */
		13F66A7FBEF805B749D3D6371C962DE5 /* Sources */ = {
			isa = PBXGroup;
			children = (
				B62C64A7E6F25FC8C4FF5A1212819F01 /* FlowPeekCore */,
				75A9ED4A5BD4A4E8544491FBFED7D59F /* FlowPeek */,
			);
			name = Sources;
			path = Sources;
			sourceTree = "<group>";
		};
		5CD20A92FE9CCBE450023DE8F1ECDF9D /* FlowPeekRendererTests */ = {
			isa = PBXGroup;
			children = (
				09FA74BF8FDFA729FA4501210E109AB0 /* ClipboardRouteTests.swift */,
				B144432F8908CAABEDCFA8C44A0CEAB8 /* MenuBarStatusRoutingTests.swift */,
				45F01AE5328FDD1D0BB79CFA11509F6D /* MermaidEngineTests.swift */,
				91F3A689DC68947FAA3F588AE20E6DB2 /* PreviewLifecycleTests.swift */,
				2EE7E5B275D4AF8D39C54BC18F3AE9F0 /* RendererTestBundleTests.swift */,
			);
			name = FlowPeekRendererTests;
			path = FlowPeekRendererTests;
			sourceTree = "<group>";
		};
		69CFE02335B002F45B1F2C20DDBA3747 /* Config */ = {
			isa = PBXGroup;
			children = (
				1C0C8218000D324E1829DC663ABDF236 /* Info.plist */,
				C6ACC7750AE03B06D8E7374ABB25EB4A /* FlowPeek.entitlements */,
			);
			name = Config;
			path = Config;
			sourceTree = "<group>";
		};
		6A45F2C11B3CCD052CF3B45DE95B2D1F /* Resources */ = {
			isa = PBXGroup;
			children = (
				B5C6C5B84A0C60C9D61CC0B67B863F81 /* flowpeek-glue.js */,
				35F114BEFDA0BABE7C74CC529FC48816 /* mermaid.min.js */,
				D96A920E2298DAD2862C8FDF45C5FBE4 /* Localizable.strings */,
			);
			name = Resources;
			path = Resources;
			sourceTree = "<group>";
		};
		75A9ED4A5BD4A4E8544491FBFED7D59F /* FlowPeek */ = {
			isa = PBXGroup;
			children = (
				6277AE16C847E47C8E7FBCBB81ACA652 /* AIPrompt.swift */,
				93273BB2B46F7E1FCDF369DC6C5E90EC /* AIProviders.swift */,
				A28C6DC5E59CCDD23454D881DDFE0E4E /* APIKeyCoordinator.swift */,
				8400D2BE00BF654492355B1F025D434B /* AmbientHighlight.swift */,
				B2F4905CFA1D94744BAE906AD4CA35ED /* AmbientPeekMonitor.swift */,
				A1BC50BC969800C828E64C50886EDAC4 /* AppDelegate.swift */,
				705003DDCF4E836CD282DA177916AD92 /* AppState.swift */,
				87510CF884E8EF44B5FDBADD51724AA4 /* ClipboardIndicator.swift */,
				E342BAEE37F770591C83DDC0F00625DE /* ClipboardMonitor.swift */,
				2FD817769515459837CF2DD74C1DA3EF /* DiagramPreview.swift */,
				D70845432DAF9D05056D5636693DAB70 /* FlowPeekApp.swift */,
				C510E466926B3970465AC76678C4CF29 /* GlassWindowComponents.swift */,
				CADA8A486BEE5FEA93576323B7F10B65 /* GlobalHotKey.swift */,
				D3EF82E3B49E3AEB1CB63854814FD1F6 /* InstallLocationAdvisor.swift */,
				675F425955DF074EAF73E13BF17BC790 /* KeychainStore.swift */,
				3AB12B8B9669C7CAD67882C68B09320C /* MenuBarContent.swift */,
				9FA78700763CF7645DD7A4923F0BC2CF /* MermaidWebPolicy.swift */,
				FFBD34D431576210158A7DAA34EE5468 /* MermaidWebView.swift */,
				9E224D21DC79610E2D1330C779A5D19A /* MermaidWebViewPool.swift */,
				56A69004F747A97E7182F95B14FF589F /* Onboarding.swift */,
				709D302741DC8B6D64A2D7B3062D9688 /* OwnWindowHitTest.swift */,
				C60464E1F8A6FA00079A7298E7D99E3E /* ResizableContentView.swift */,
				CDC74327D14D9DCAA03FEAB4F9A9C4E2 /* SelectionMonitor.swift */,
				C85EE9D65F361A9050249FD676E4E4BA /* SelectionOverlay.swift */,
				312D6E2038A59F84CD5FE1F12F97B8D3 /* SettingsView.swift */,
				1D2E0C0272C21AA3BC606F0D757C6DA3 /* SettingsWindowCoordinator.swift */,
				BD24DA64D851D0AB95975019D6D9B6B1 /* ShortcutCenter.swift */,
				5757150822665A84A08303440DDB1565 /* ShortcutRecorder.swift */,
				D1BEA0139F6D7683F0D5D92B621CD7C1 /* TutorialPractice.swift */,
				E58894A49E06F0756D8AA1035CCE4DB4 /* UpdaterService.swift */,
				6A45F2C11B3CCD052CF3B45DE95B2D1F /* Resources */,
			);
			name = FlowPeek;
			path = FlowPeek;
			sourceTree = "<group>";
		};
		96DE2CF124B8629572F4A826C3A2FA21 /* Products */ = {
			isa = PBXGroup;
			children = (
				2E273BAB6E7F1C381D22D5106C82CA29 /* libFlowPeekCore.a */,
				B7CDFB2D9909084ADB9F6EBE7D87164B /* FlowPeek.app */,
				6CB12CED791B687066C8DB4CF40E9A30 /* FlowPeekCoreTests.xctest */,
				ABA492181E9672BC21AAF398261463DE /* FlowPeekRendererTests.xctest */,
			);
			name = Products;
			sourceTree = "<group>";
		};
		A47100E0A35BC648F628EF38235B87F8 /* Frameworks */ = {
			isa = PBXGroup;
			children = (
				F92CFA94113EBF3D0F381BF71C7E522D /* OS X */,
			);
			name = Frameworks;
			sourceTree = "<group>";
		};
		A9876A5071B2B8AE94CFDCBE9871F165 /* Tests */ = {
			isa = PBXGroup;
			children = (
				B759EDCFD72F5A673FB96674FFFD340A /* FlowPeekCoreTests */,
				5CD20A92FE9CCBE450023DE8F1ECDF9D /* FlowPeekRendererTests */,
			);
			name = Tests;
			path = Tests;
			sourceTree = "<group>";
		};
		B62C64A7E6F25FC8C4FF5A1212819F01 /* FlowPeekCore */ = {
			isa = PBXGroup;
			children = (
				AFA8FB1E4765BCA53F4D46D1007DAFF6 /* AccessibilityPermissionFlow.swift */,
				07B03893A869E6BA19516BA0825D6049 /* AmbientPeek.swift */,
				E196218D3AAFDE653BC4CD629D7B5BAE /* AppCommandRouter.swift */,
				AFA1D4CE31FE737A1ADD0EEA74A3A4D5 /* AppLanguage.swift */,
				67297F081F0A4746F2A84DE6946FB0F4 /* ClipboardPreviewPolicy.swift */,
				9001F11432002688538A64DAF303BFEF /* DocumentCaretSlice.swift */,
				EED62329B359F96E0EC2E89AE6886D8F /* KeyboardShortcut.swift */,
				ACB9315574E5A2F89C2052DA79F03876 /* LaunchAtLoginState.swift */,
				EEBC3B17E5D36AFEC12517C2A68B755C /* MacMermaidTheme.swift */,
				E4FC462637512E512EEBDB17E17AD758 /* MenuBarStatus.swift */,
				BF06F92A7BCD30D896FD6B8632D84AA2 /* MermaidDetector.swift */,
				03FE14FC7CD54722099E923816A81E24 /* MermaidEnginePage.swift */,
				9DDCFC2E89906BAD7C46B50381851408 /* MermaidFailurePresentation.swift */,
				6BF47C42A90C754BCE6058ACD01C2F46 /* MermaidRenderer.swift */,
				58DFBA95A26A7D914AF13BCCA7706AEA /* MermaidSource.swift */,
				12B15240FC93063538720290AA1CDF95 /* Models.swift */,
				6CF89F06EFDBA53B93E7D4268544152E /* OnboardingPolicy.swift */,
				EB8ACB5BC179A74C757E4F898E87F4E3 /* PreviewSizeMemory.swift */,
				CD469DCEFA9726900A9A08329DF91488 /* SelectionGatherer.swift */,
				7457EDE55C2BCC0E59412EE675C46930 /* ShortcutActivationPolicy.swift */,
				A75683DB2E186A9532F67A07D8E98C42 /* SingleInstanceGuard.swift */,
				0F332FF1396279EA28E7E78293FCD938 /* TutorialProgress.swift */,
			);
			name = FlowPeekCore;
			path = FlowPeekCore;
			sourceTree = "<group>";
		};
		B759EDCFD72F5A673FB96674FFFD340A /* FlowPeekCoreTests */ = {
			isa = PBXGroup;
			children = (
				ACAAE661751C7EFA7631D9A1DA41B3E5 /* AccessibilityPermissionFlowTests.swift */,
				133C701E1D541CDCACCF2F626E09B6F6 /* AmbientPeekTests.swift */,
				D790DEDDBA11F22B8AFFEBC7BAB43FB1 /* AppCommandRouterTests.swift */,
				D9EA2886D046D311C043827B41FF42FA /* AppLanguageTests.swift */,
				15DB06242281406D9F51CE58618EAAF8 /* ClipboardPreviewPolicyTests.swift */,
				5653C189E4F44ACECA1FDBE04E0A69A3 /* DocumentCaretSliceTests.swift */,
				E844A861B7F70C8DFD011C8D65FAF242 /* KeyboardShortcutTests.swift */,
				0001112CBE5EB862CB6AFA373E4F61C5 /* LaunchAtLoginStateTests.swift */,
				15BA7BBFBAA6A6422B5FE0AACE50EFFE /* LocalizationCatalogTests.swift */,
				D95A8B4D4B379E1C5CA7196D2E09A82B /* MenuBarStatusTests.swift */,
				7826DE77E282CB11DB47ACE6700DF30C /* MermaidDetectorCorpusTests.swift */,
				598FB23247FC0E960CA258B1A9FEE5A6 /* MermaidDetectorTests.swift */,
				989261DA512091FF66791970FFA44B47 /* MermaidFailurePresentationTests.swift */,
				395329BCEC97F68564B44A474BBE2CAA /* MermaidRendererTests.swift */,
				B897C244E61AA8906B90F0A433E8833E /* MermaidSourceTests.swift */,
				D064319ED666ACD3C39FF1A97A9DD907 /* OnboardingPolicyTests.swift */,
				FD471792956BBA7F963493BDA9ED6749 /* PreviewSizeMemoryTests.swift */,
				87BACA4C25C593CC46F03CF8EAA3D2D6 /* SelectionGathererTests.swift */,
				C6E18FD0651222B43472F4C009A86424 /* SelectionSnapshotTests.swift */,
				525CFEED699E937ADAC7EC8861305484 /* ShortcutActivationPolicyTests.swift */,
				E3509BB5669328ABFF26380CB342346F /* SingleInstanceGuardTests.swift */,
				D3351DC1BAF48E476F7BDF863667022D /* TutorialProgressTests.swift */,
			);
			name = FlowPeekCoreTests;
			path = FlowPeekCoreTests;
			sourceTree = "<group>";
		};
		D18C04588026DD7511AF51A5E762ED41 = {
			isa = PBXGroup;
			children = (
				96DE2CF124B8629572F4A826C3A2FA21 /* Products */,
				A47100E0A35BC648F628EF38235B87F8 /* Frameworks */,
				13F66A7FBEF805B749D3D6371C962DE5 /* Sources */,
				A9876A5071B2B8AE94CFDCBE9871F165 /* Tests */,
				69CFE02335B002F45B1F2C20DDBA3747 /* Config */,
				E5CF5318E2D0AB9A621A9C98D9101947 /* AppIcon.icon */,
			);
			sourceTree = "<group>";
		};
		F92CFA94113EBF3D0F381BF71C7E522D /* OS X */ = {
			isa = PBXGroup;
			children = (
				82ED1D28CA2B2EBBEF0C46E5B49C8263 /* Cocoa.framework */,
			);
			name = "OS X";
			sourceTree = "<group>";
		};
/* End PBXGroup section */

/* Begin PBXHeadersBuildPhase section */
		D4294F28606D09FA57D7A75C09385C9F /* Headers */ = {
			isa = PBXHeadersBuildPhase;
			buildActionMask = 2147483647;
			files = (
			);
			runOnlyForDeploymentPostprocessing = 0;
		};
/* End PBXHeadersBuildPhase section */

/* Begin PBXNativeTarget section */
		3CB4ED5FECBD2D665ED232B4A559E298 /* FlowPeekCore */ = {
			isa = PBXNativeTarget;
			buildConfigurationList = 6EFA57C015F4280A4AA6C528F99072C9 /* Build configuration list for PBXNativeTarget "FlowPeekCore" */;
			buildPhases = (
				D4294F28606D09FA57D7A75C09385C9F /* Headers */,
				1BDC2A2B54062547C2178502D8E3D5CF /* Sources */,
				1FC2A6DB819E0F4CB0679FC8581A263A /* Frameworks */,
			);
			buildRules = (
			);
			dependencies = (
			);
			name = FlowPeekCore;
			productName = FlowPeekCore;
			productReference = 2E273BAB6E7F1C381D22D5106C82CA29 /* libFlowPeekCore.a */;
			productType = "com.apple.product-type.library.static";
		};
		4A72FBD062AB33D45A552A02AD10AD24 /* FlowPeekRendererTests */ = {
			isa = PBXNativeTarget;
			buildConfigurationList = 6627250382AB7968CD5DEC88D80B0E17 /* Build configuration list for PBXNativeTarget "FlowPeekRendererTests" */;
			buildPhases = (
				F8279274A57D6C671543E8CB716976B9 /* Sources */,
				DFF81372F51C0C8B87DE18237A271D2C /* Frameworks */,
				33C3D0ADE2F9E332D9D44934F24F1369 /* Resources */,
			);
			buildRules = (
			);
			dependencies = (
				2BAA28D392AB1E10BC222F1A61BB0E6A /* PBXTargetDependency */,
			);
			name = FlowPeekRendererTests;
			productName = FlowPeekRendererTests;
			productReference = ABA492181E9672BC21AAF398261463DE /* FlowPeekRendererTests.xctest */;
			productType = "com.apple.product-type.bundle.unit-test";
		};
		AA6B4D13974DAF8AA0EBAC90BEE49BA2 /* FlowPeek */ = {
			isa = PBXNativeTarget;
			buildConfigurationList = CDA355F6AEE8155B08C24313D052EE77 /* Build configuration list for PBXNativeTarget "FlowPeek" */;
			buildPhases = (
				5B92BE6A1A4991F3620004C45CA9244D /* Sources */,
				229FE795EAD48433EA5A7853ECBB6F83 /* Frameworks */,
				F032406857D87CB57249795D1EDE7E79 /* Resources */,
			);
			buildRules = (
			);
			dependencies = (
				91722B1E37CA8DFD3B323A9190B435D1 /* PBXTargetDependency */,
			);
			name = FlowPeek;
			packageProductDependencies = (
				80571162D0A99916056D932533B16FAB /* Sparkle */,
			);
			productName = FlowPeek;
			productReference = B7CDFB2D9909084ADB9F6EBE7D87164B /* FlowPeek.app */;
			productType = "com.apple.product-type.application";
		};
		FB9B6C6D2F57AA69816F11DBA3ED0C8F /* FlowPeekCoreTests */ = {
			isa = PBXNativeTarget;
			buildConfigurationList = 8A64377DEBDFFC517B0AB02F047FCAD2 /* Build configuration list for PBXNativeTarget "FlowPeekCoreTests" */;
			buildPhases = (
				97021F3275761727469EE4071AF574F0 /* Sources */,
				7543B2F6B7D9A80E7A56FF6BA2B99AF2 /* Frameworks */,
				7C485BB07BB94EC8396FF4A20E9A2CF3 /* Resources */,
			);
			buildRules = (
			);
			dependencies = (
				4C44DBB48DE896EBAE2238BBF3B9057E /* PBXTargetDependency */,
			);
			name = FlowPeekCoreTests;
			productName = FlowPeekCoreTests;
			productReference = 6CB12CED791B687066C8DB4CF40E9A30 /* FlowPeekCoreTests.xctest */;
			productType = "com.apple.product-type.bundle.unit-test";
		};
/* End PBXNativeTarget section */

/* Begin PBXProject section */
		C70FEABD27D5F1808DAE5EAE67B4D9FE /* Project object */ = {
			isa = PBXProject;
			attributes = {
				LastSwiftUpdateCheck = 1600;
				LastUpgradeCheck = 1600;
				TargetAttributes = {
					4A72FBD062AB33D45A552A02AD10AD24 = {
						TestTargetID = AA6B4D13974DAF8AA0EBAC90BEE49BA2;
					};
				};
			};
			buildConfigurationList = 0B3BB1827692FF554328F7EA016ED14F /* Build configuration list for PBXProject "FlowPeek" */;
			compatibilityVersion = "Xcode 3.2";
			developmentRegion = en;
			hasScannedForEncodings = 0;
			knownRegions = (
				en,
				ko,
				Base,
			);
			mainGroup = D18C04588026DD7511AF51A5E762ED41;
			minimizedProjectReferenceProxies = 0;
			packageReferences = (
				38079CB03D1DA4F1E885CE2ADFF79A67 /* XCRemoteSwiftPackageReference "Sparkle" */,
			);
			preferredProjectObjectVersion = 100;
			productRefGroup = 96DE2CF124B8629572F4A826C3A2FA21 /* Products */;
			projectDirPath = "";
			projectRoot = "";
			targets = (
				3CB4ED5FECBD2D665ED232B4A559E298 /* FlowPeekCore */,
				AA6B4D13974DAF8AA0EBAC90BEE49BA2 /* FlowPeek */,
				FB9B6C6D2F57AA69816F11DBA3ED0C8F /* FlowPeekCoreTests */,
				4A72FBD062AB33D45A552A02AD10AD24 /* FlowPeekRendererTests */,
			);
		};
/* End PBXProject section */

/* Begin PBXResourcesBuildPhase section */
		33C3D0ADE2F9E332D9D44934F24F1369 /* Resources */ = {
			isa = PBXResourcesBuildPhase;
			buildActionMask = 2147483647;
			files = (
			);
			runOnlyForDeploymentPostprocessing = 0;
		};
		7C485BB07BB94EC8396FF4A20E9A2CF3 /* Resources */ = {
			isa = PBXResourcesBuildPhase;
			buildActionMask = 2147483647;
			files = (
			);
			runOnlyForDeploymentPostprocessing = 0;
		};
		F032406857D87CB57249795D1EDE7E79 /* Resources */ = {
			isa = PBXResourcesBuildPhase;
			buildActionMask = 2147483647;
			files = (
				178F3C0C522F01A2CA00A352B6D9630B /* flowpeek-glue.js in Resources */,
				8CAD64FFCF2AC49F1119773457CAEF0C /* mermaid.min.js in Resources */,
				0111890C14913AB693AF74E066041FCB /* AppIcon.icon in Resources */,
				97A5F19A07B82187425C54C1C7F384FD /* Localizable.strings in Resources */,
			);
			runOnlyForDeploymentPostprocessing = 0;
		};
/* End PBXResourcesBuildPhase section */

/* Begin PBXSourcesBuildPhase section */
		1BDC2A2B54062547C2178502D8E3D5CF /* Sources */ = {
			isa = PBXSourcesBuildPhase;
			buildActionMask = 2147483647;
			files = (
				706FE868683740597276F47A1C31CD52 /* AccessibilityPermissionFlow.swift in Sources */,
				A86F0C428BBCA9B774BCBC2735B1B896 /* AmbientPeek.swift in Sources */,
				EBF7676B5684BEB398F0F023C30A8E18 /* AppCommandRouter.swift in Sources */,
				6757A879E0495B81A007746892DAB431 /* AppLanguage.swift in Sources */,
				4BAB5D9F5A0BC13D9C4A4CD856B70B13 /* ClipboardPreviewPolicy.swift in Sources */,
				0CFAE3AB12CCD53DE047A9A2E5ECC51B /* DocumentCaretSlice.swift in Sources */,
				F5D0D58556248CF532FDA1FA0F8B3112 /* KeyboardShortcut.swift in Sources */,
				6024A343244336980D55CE70AEBE2212 /* LaunchAtLoginState.swift in Sources */,
				A668619CDC21677B1CA483697B496DD9 /* MacMermaidTheme.swift in Sources */,
				B45588966504A28378A87B0210F51299 /* MenuBarStatus.swift in Sources */,
				D8A240A2E6DFC54F1A5B9EFD0CA47707 /* MermaidDetector.swift in Sources */,
				A085C5468A9502A47E24DF1460B1A89E /* MermaidEnginePage.swift in Sources */,
				C74334BDE5D7AF429148877A4B8CFDDE /* MermaidFailurePresentation.swift in Sources */,
				DEFB33998C8A59241248327C7537F2C4 /* MermaidRenderer.swift in Sources */,
				B4CEE97EAA9D2E3D97CE6A706797948B /* MermaidSource.swift in Sources */,
				6DA5DD90899DDE5D070C833625967CB5 /* Models.swift in Sources */,
				78433E4B4EFAB9C916DC0BD8E8204AE6 /* OnboardingPolicy.swift in Sources */,
				3B98F34D52A07CDE354F4CF57CD2A826 /* PreviewSizeMemory.swift in Sources */,
				F2BB65F4E8D90A690F919973042FE31A /* SelectionGatherer.swift in Sources */,
				31B6B95C11CDF3963B7EC2428C8E9489 /* ShortcutActivationPolicy.swift in Sources */,
				8234C5D0682E006F54A35D7921838B6B /* SingleInstanceGuard.swift in Sources */,
				C663E533F98B5119A08209F8464A017B /* TutorialProgress.swift in Sources */,
			);
			runOnlyForDeploymentPostprocessing = 0;
		};
		5B92BE6A1A4991F3620004C45CA9244D /* Sources */ = {
			isa = PBXSourcesBuildPhase;
			buildActionMask = 2147483647;
			files = (
				E5EE42122C8918E0BAA9D017223A5EF7 /* AIPrompt.swift in Sources */,
				61B059D7FDD30893C60A215AE9B1A9F5 /* AIProviders.swift in Sources */,
				53796E0DD633ABBB495D78F83943FC0E /* APIKeyCoordinator.swift in Sources */,
				955A6E663B81AEE46A24C5DA68CB07A1 /* AmbientHighlight.swift in Sources */,
				49C634598FF6CDD431971BD229DE6F73 /* AmbientPeekMonitor.swift in Sources */,
				AF00FC37AB1DE3AC8B9326C1EDFB1A93 /* AppDelegate.swift in Sources */,
				F14C3922CF0C5F07A2749FADECA17AF4 /* AppState.swift in Sources */,
				2E5D57FC1C1FBEDC164774E0BB296868 /* ClipboardIndicator.swift in Sources */,
				65F8B7F417DD27A250CB2750431F3426 /* ClipboardMonitor.swift in Sources */,
				B5D032D216E338B4AB8F386A0598AC7D /* DiagramPreview.swift in Sources */,
				B8CA9715DDB428B8FF2B777F3C443959 /* FlowPeekApp.swift in Sources */,
				B3A36B4A37F6ED11CCF1BF1E7DDF3D83 /* GlassWindowComponents.swift in Sources */,
				981D35960C2383648083EA7BC05CBA4D /* GlobalHotKey.swift in Sources */,
				B9511C9C005FDB13B09426EA49007069 /* InstallLocationAdvisor.swift in Sources */,
				318E3CA5B1632D7948CA5C6E7412B573 /* KeychainStore.swift in Sources */,
				EABC29B194D9E1A8141CB99F788E6F63 /* MenuBarContent.swift in Sources */,
				9B37E23B41584B5E0F5422BD20E95309 /* MermaidWebPolicy.swift in Sources */,
				6BE6AEE8721AF070A2D67069B39D41F8 /* MermaidWebView.swift in Sources */,
				3C7CE9436DD6ACC06AAAB9BB42B66354 /* MermaidWebViewPool.swift in Sources */,
				6B49BFE86334B1A7E7745260EB6DE49F /* Onboarding.swift in Sources */,
				6137BD0909C4B926AF249828DD311CBA /* OwnWindowHitTest.swift in Sources */,
				DD05EFAF9811E4612256A63E2A58F8B5 /* ResizableContentView.swift in Sources */,
				0004C520FFDDAF3C8B20D5727940F8BB /* SelectionMonitor.swift in Sources */,
				86A46D79BAB26CB372E1E86CBBC1372C /* SelectionOverlay.swift in Sources */,
				812D29DFBAE788DC408EE4C1CE2178C3 /* SettingsView.swift in Sources */,
				6973165CE9436215D0BC44C99F42D399 /* SettingsWindowCoordinator.swift in Sources */,
				EB99F6F81EEBBDF839E6FDFA0478E0ED /* ShortcutCenter.swift in Sources */,
				097024297EF27F4F5850A49734F4F542 /* ShortcutRecorder.swift in Sources */,
				348282329F09A4089125827FC5FB880B /* TutorialPractice.swift in Sources */,
				BCC3A147A9F26A9026E52DCD1F8DD9ED /* UpdaterService.swift in Sources */,
			);
			runOnlyForDeploymentPostprocessing = 0;
		};
		97021F3275761727469EE4071AF574F0 /* Sources */ = {
			isa = PBXSourcesBuildPhase;
			buildActionMask = 2147483647;
			files = (
				90DD05A2C294356E207114AF8F16BD9E /* AccessibilityPermissionFlowTests.swift in Sources */,
				715B9DE3A7EB4CDECD6275B58FD56012 /* AmbientPeekTests.swift in Sources */,
				D433C0DB29D7D676ECDC9E5878E6EBFC /* AppCommandRouterTests.swift in Sources */,
				05524845B726037E7043FCA03EB9BAFC /* AppLanguageTests.swift in Sources */,
				ECB8E911A46C566EA316DEAAACE9E907 /* ClipboardPreviewPolicyTests.swift in Sources */,
				8C13BFEB8BBF70AB44484E181DAE7464 /* DocumentCaretSliceTests.swift in Sources */,
				D5C7B0D6E2C0B307A1CCC32BBFCBA630 /* KeyboardShortcutTests.swift in Sources */,
				97CCA90EAB143987AE7A3E2EDC45E626 /* LaunchAtLoginStateTests.swift in Sources */,
				53103DF5463CF30D0995CDB55E5AC33D /* LocalizationCatalogTests.swift in Sources */,
				4D36C79D665E5B23E32E1F84A23EC284 /* MenuBarStatusTests.swift in Sources */,
				5C6C77235B5525A5F717525E5B1D761E /* MermaidDetectorCorpusTests.swift in Sources */,
				0A0C2795A90DDFD940A66136B79A13C3 /* MermaidDetectorTests.swift in Sources */,
				1A701183EBDF9F93DFE7FE8E15A02C19 /* MermaidFailurePresentationTests.swift in Sources */,
				93864EC056FEE2BCA4F32C752DF3AA12 /* MermaidRendererTests.swift in Sources */,
				5E6C6DF861FC43CD563F599E5D3FE6E9 /* MermaidSourceTests.swift in Sources */,
				6D38940E090D203DF80D6B811A92C89F /* OnboardingPolicyTests.swift in Sources */,
				945E565CA7E4DFD82655A450FBB9A332 /* PreviewSizeMemoryTests.swift in Sources */,
				BE312C9F92CB3C219ADBBF6CD18F45FF /* SelectionGathererTests.swift in Sources */,
				C929AB7A8FE93F8375E826FC8E7F4A22 /* SelectionSnapshotTests.swift in Sources */,
				9D4BE8D5D4A06524983A337233582062 /* ShortcutActivationPolicyTests.swift in Sources */,
				E49B4C8112148031C2BFBAAA3008F326 /* SingleInstanceGuardTests.swift in Sources */,
				89364AA6A10A6EB954FC037D23E302E0 /* TutorialProgressTests.swift in Sources */,
			);
			runOnlyForDeploymentPostprocessing = 0;
		};
		F8279274A57D6C671543E8CB716976B9 /* Sources */ = {
			isa = PBXSourcesBuildPhase;
			buildActionMask = 2147483647;
			files = (
				9B27D77310780FC5ED59191C2D212AAC /* ClipboardRouteTests.swift in Sources */,
				E255B4F624A177CED52E5BB9DB618C6E /* MenuBarStatusRoutingTests.swift in Sources */,
				C91BE32174A1B5C0225EB92D8F35301D /* MermaidEngineTests.swift in Sources */,
				0652BA0A64FBC42B3D442E3D49DA4E09 /* PreviewLifecycleTests.swift in Sources */,
				64A5B3EF922CD4670F06CF75327C55B8 /* RendererTestBundleTests.swift in Sources */,
			);
			runOnlyForDeploymentPostprocessing = 0;
		};
/* End PBXSourcesBuildPhase section */

/* Begin PBXTargetDependency section */
		2BAA28D392AB1E10BC222F1A61BB0E6A /* PBXTargetDependency */ = {
			isa = PBXTargetDependency;
			name = FlowPeek;
			target = AA6B4D13974DAF8AA0EBAC90BEE49BA2 /* FlowPeek */;
			targetProxy = CC585C35F777CD6C9CFE46694EF4AE00 /* PBXContainerItemProxy */;
		};
		4C44DBB48DE896EBAE2238BBF3B9057E /* PBXTargetDependency */ = {
			isa = PBXTargetDependency;
			name = FlowPeekCore;
			target = 3CB4ED5FECBD2D665ED232B4A559E298 /* FlowPeekCore */;
			targetProxy = CFAC84B288FE7D6AA838DBC72BAF1CF1 /* PBXContainerItemProxy */;
		};
		91722B1E37CA8DFD3B323A9190B435D1 /* PBXTargetDependency */ = {
			isa = PBXTargetDependency;
			name = FlowPeekCore;
			target = 3CB4ED5FECBD2D665ED232B4A559E298 /* FlowPeekCore */;
			targetProxy = E7BEA9743E9C0D3FAA6144DDCDC796C3 /* PBXContainerItemProxy */;
		};
/* End PBXTargetDependency section */

/* Begin PBXVariantGroup section */
		D96A920E2298DAD2862C8FDF45C5FBE4 /* Localizable.strings */ = {
			isa = PBXVariantGroup;
			children = (
				D1A688FA9FB053AC63C88CAF4CCDE204 /* Localizable.strings */,
				FC83DFD4DDB89B67A6053D3B4D58FCFC /* Localizable.strings */,
			);
			name = Localizable.strings;
			sourceTree = "<group>";
		};
/* End PBXVariantGroup section */

/* Begin XCBuildConfiguration section */
		090B6F9659402B2D35CAA7AD0C56AE87 /* Release */ = {
			isa = XCBuildConfiguration;
			buildSettings = {
				ALWAYS_SEARCH_USER_PATHS = NO;
				CLANG_ANALYZER_NONNULL = YES;
				CLANG_ANALYZER_NUMBER_OBJECT_CONVERSION = YES_AGGRESSIVE;
				CLANG_CXX_LANGUAGE_STANDARD = "gnu++14";
				CLANG_CXX_LIBRARY = "libc++";
				CLANG_ENABLE_MODULES = YES;
				CLANG_ENABLE_OBJC_ARC = YES;
				CLANG_ENABLE_OBJC_WEAK = YES;
				CLANG_WARN_BLOCK_CAPTURE_AUTORELEASING = YES;
				CLANG_WARN_BOOL_CONVERSION = YES;
				CLANG_WARN_COMMA = YES;
				CLANG_WARN_CONSTANT_CONVERSION = YES;
				CLANG_WARN_DEPRECATED_OBJC_IMPLEMENTATIONS = YES;
				CLANG_WARN_DIRECT_OBJC_ISA_USAGE = YES_ERROR;
				CLANG_WARN_DOCUMENTATION_COMMENTS = YES;
				CLANG_WARN_EMPTY_BODY = YES;
				CLANG_WARN_ENUM_CONVERSION = YES;
				CLANG_WARN_INFINITE_RECURSION = YES;
				CLANG_WARN_INT_CONVERSION = YES;
				CLANG_WARN_NON_LITERAL_NULL_CONVERSION = YES;
				CLANG_WARN_OBJC_IMPLICIT_RETAIN_SELF = YES;
				CLANG_WARN_OBJC_LITERAL_CONVERSION = YES;
				CLANG_WARN_OBJC_ROOT_CLASS = YES_ERROR;
				CLANG_WARN_QUOTED_INCLUDE_IN_FRAMEWORK_HEADER = YES;
				CLANG_WARN_RANGE_LOOP_ANALYSIS = YES;
				CLANG_WARN_STRICT_PROTOTYPES = YES;
				CLANG_WARN_SUSPICIOUS_MOVE = YES;
				CLANG_WARN_UNGUARDED_AVAILABILITY = YES_AGGRESSIVE;
				CLANG_WARN_UNREACHABLE_CODE = YES;
				CLANG_WARN__DUPLICATE_METHOD_MATCH = YES;
				COPY_PHASE_STRIP = NO;
				DEBUG_INFORMATION_FORMAT = "dwarf-with-dsym";
				ENABLE_NS_ASSERTIONS = NO;
				ENABLE_STRICT_OBJC_MSGSEND = YES;
				GCC_C_LANGUAGE_STANDARD = gnu11;
				GCC_NO_COMMON_BLOCKS = YES;
				GCC_WARN_64_TO_32_BIT_CONVERSION = YES;
				GCC_WARN_ABOUT_RETURN_TYPE = YES_ERROR;
				GCC_WARN_UNDECLARED_SELECTOR = YES;
				GCC_WARN_UNINITIALIZED_AUTOS = YES_AGGRESSIVE;
				GCC_WARN_UNUSED_FUNCTION = YES;
				GCC_WARN_UNUSED_VARIABLE = YES;
				MACOSX_DEPLOYMENT_TARGET = 14.0;
				MTL_ENABLE_DEBUG_INFO = NO;
				MTL_FAST_MATH = YES;
				PRODUCT_NAME = "$(TARGET_NAME)";
				SWIFT_COMPILATION_MODE = wholemodule;
				SWIFT_OPTIMIZATION_LEVEL = "-O";
				SWIFT_VERSION = 5.0;
			};
			name = Release;
		};
		4CC3734B92B6D75F6DEF5916C64C9F2D /* Release */ = {
			isa = XCBuildConfiguration;
			buildSettings = {
				BUNDLE_LOADER = "$(TEST_HOST)";
				CODE_SIGN_STYLE = Automatic;
				DEVELOPMENT_TEAM = F7WUT95TT6;
				GENERATE_INFOPLIST_FILE = YES;
				LD_RUNPATH_SEARCH_PATHS = "$(inherited) @executable_path/../Frameworks @loader_path/../Frameworks";
				MACOSX_DEPLOYMENT_TARGET = 14.0;
				PRODUCT_BUNDLE_IDENTIFIER = com.selenehyun.FlowPeek.FlowPeekRendererTests;
				PRODUCT_NAME = "$(TARGET_NAME)";
				SDKROOT = macosx;
				SKIP_INSTALL = YES;
				SWIFT_VERSION = 6.0;
				TEST_HOST = "$(BUILT_PRODUCTS_DIR)/FlowPeek.app/Contents/MacOS/FlowPeek";
			};
			name = Release;
		};
		5758DA55C471FE6D0D027FA6593137FE /* Release */ = {
			isa = XCBuildConfiguration;
			buildSettings = {
				ASSETCATALOG_COMPILER_APPICON_NAME = AppIcon;
				ASSETCATALOG_COMPILER_GLOBAL_ACCENT_COLOR_NAME = AccentColor;
				CODE_SIGN_ENTITLEMENTS = Config/FlowPeek.entitlements;
				CODE_SIGN_STYLE = Automatic;
				COMBINE_HIDPI_IMAGES = YES;
				CURRENT_PROJECT_VERSION = 1;
				DEVELOPMENT_TEAM = F7WUT95TT6;
				ENABLE_APP_SANDBOX = NO;
				ENABLE_HARDENED_RUNTIME = YES;
				ENABLE_TESTABILITY = NO;
				GENERATE_INFOPLIST_FILE = NO;
				INFOPLIST_FILE = Config/Info.plist;
				LD_RUNPATH_SEARCH_PATHS = "$(inherited) @executable_path/../Frameworks";
				MACOSX_DEPLOYMENT_TARGET = 14.0;
				MARKETING_VERSION = 0.1.0;
				PRODUCT_BUNDLE_IDENTIFIER = com.selenehyun.FlowPeek;
				PRODUCT_NAME = FlowPeek;
				SDKROOT = macosx;
				SWIFT_EMIT_LOC_STRINGS = YES;
				SWIFT_VERSION = 6.0;
			};
			name = Release;
		};
		591ED663A95A912324C6A0D6F412D00D /* Release */ = {
			isa = XCBuildConfiguration;
			buildSettings = {
				ENABLE_TESTABILITY = NO;
				EXECUTABLE_PREFIX = lib;
				MACOSX_DEPLOYMENT_TARGET = 14.0;
				PRODUCT_MODULE_NAME = FlowPeekCore;
				PRODUCT_NAME = FlowPeekCore;
				SDKROOT = macosx;
				SKIP_INSTALL = YES;
				SWIFT_VERSION = 6.0;
			};
			name = Release;
		};
		6C52B42253C9CF8A4F22D222560FDFD3 /* Release */ = {
			isa = XCBuildConfiguration;
			buildSettings = {
				CODE_SIGN_STYLE = Automatic;
				DEVELOPMENT_TEAM = F7WUT95TT6;
				GENERATE_INFOPLIST_FILE = YES;
				LD_RUNPATH_SEARCH_PATHS = "$(inherited) @executable_path/../Frameworks @loader_path/../Frameworks";
				MACOSX_DEPLOYMENT_TARGET = 14.0;
				PRODUCT_BUNDLE_IDENTIFIER = com.selenehyun.FlowPeek.FlowPeekCoreTests;
				PRODUCT_NAME = "$(TARGET_NAME)";
				SDKROOT = macosx;
				SKIP_INSTALL = YES;
				SWIFT_VERSION = 6.0;
			};
			name = Release;
		};
		6E93D0FD295FC54BF3F0099B3970B9D9 /* Debug */ = {
			isa = XCBuildConfiguration;
			buildSettings = {
				ASSETCATALOG_COMPILER_APPICON_NAME = AppIcon;
				ASSETCATALOG_COMPILER_GLOBAL_ACCENT_COLOR_NAME = AccentColor;
				CODE_SIGN_ENTITLEMENTS = Config/FlowPeek.entitlements;
				CODE_SIGN_STYLE = Automatic;
				COMBINE_HIDPI_IMAGES = YES;
				CURRENT_PROJECT_VERSION = 1;
				DEVELOPMENT_TEAM = F7WUT95TT6;
				ENABLE_APP_SANDBOX = NO;
				ENABLE_HARDENED_RUNTIME = NO;
				ENABLE_TESTABILITY = YES;
				GENERATE_INFOPLIST_FILE = NO;
				INFOPLIST_FILE = Config/Info.plist;
				LD_RUNPATH_SEARCH_PATHS = "$(inherited) @executable_path/../Frameworks";
				MACOSX_DEPLOYMENT_TARGET = 14.0;
				MARKETING_VERSION = 0.1.0;
				PRODUCT_BUNDLE_IDENTIFIER = com.selenehyun.FlowPeek;
				PRODUCT_NAME = FlowPeek;
				SDKROOT = macosx;
				SWIFT_EMIT_LOC_STRINGS = YES;
				SWIFT_VERSION = 6.0;
			};
			name = Debug;
		};
		87C8C355BCAA7AE646F2E261CCA88664 /* Debug */ = {
			isa = XCBuildConfiguration;
			buildSettings = {
				BUNDLE_LOADER = "$(TEST_HOST)";
				CODE_SIGN_STYLE = Automatic;
				DEVELOPMENT_TEAM = F7WUT95TT6;
				GENERATE_INFOPLIST_FILE = YES;
				LD_RUNPATH_SEARCH_PATHS = "$(inherited) @executable_path/../Frameworks @loader_path/../Frameworks";
				MACOSX_DEPLOYMENT_TARGET = 14.0;
				PRODUCT_BUNDLE_IDENTIFIER = com.selenehyun.FlowPeek.FlowPeekRendererTests;
				PRODUCT_NAME = "$(TARGET_NAME)";
				SDKROOT = macosx;
				SKIP_INSTALL = YES;
				SWIFT_VERSION = 6.0;
				TEST_HOST = "$(BUILT_PRODUCTS_DIR)/FlowPeek.app/Contents/MacOS/FlowPeek";
			};
			name = Debug;
		};
		926F6BC6B0D709FF81F74185C2388B42 /* Debug */ = {
			isa = XCBuildConfiguration;
			buildSettings = {
				ALWAYS_SEARCH_USER_PATHS = NO;
				CLANG_ANALYZER_NONNULL = YES;
				CLANG_ANALYZER_NUMBER_OBJECT_CONVERSION = YES_AGGRESSIVE;
				CLANG_CXX_LANGUAGE_STANDARD = "gnu++14";
				CLANG_CXX_LIBRARY = "libc++";
				CLANG_ENABLE_MODULES = YES;
				CLANG_ENABLE_OBJC_ARC = YES;
				CLANG_ENABLE_OBJC_WEAK = YES;
				CLANG_WARN_BLOCK_CAPTURE_AUTORELEASING = YES;
				CLANG_WARN_BOOL_CONVERSION = YES;
				CLANG_WARN_COMMA = YES;
				CLANG_WARN_CONSTANT_CONVERSION = YES;
				CLANG_WARN_DEPRECATED_OBJC_IMPLEMENTATIONS = YES;
				CLANG_WARN_DIRECT_OBJC_ISA_USAGE = YES_ERROR;
				CLANG_WARN_DOCUMENTATION_COMMENTS = YES;
				CLANG_WARN_EMPTY_BODY = YES;
				CLANG_WARN_ENUM_CONVERSION = YES;
				CLANG_WARN_INFINITE_RECURSION = YES;
				CLANG_WARN_INT_CONVERSION = YES;
				CLANG_WARN_NON_LITERAL_NULL_CONVERSION = YES;
				CLANG_WARN_OBJC_IMPLICIT_RETAIN_SELF = YES;
				CLANG_WARN_OBJC_LITERAL_CONVERSION = YES;
				CLANG_WARN_OBJC_ROOT_CLASS = YES_ERROR;
				CLANG_WARN_QUOTED_INCLUDE_IN_FRAMEWORK_HEADER = YES;
				CLANG_WARN_RANGE_LOOP_ANALYSIS = YES;
				CLANG_WARN_STRICT_PROTOTYPES = YES;
				CLANG_WARN_SUSPICIOUS_MOVE = YES;
				CLANG_WARN_UNGUARDED_AVAILABILITY = YES_AGGRESSIVE;
				CLANG_WARN_UNREACHABLE_CODE = YES;
				CLANG_WARN__DUPLICATE_METHOD_MATCH = YES;
				COPY_PHASE_STRIP = NO;
				DEBUG_INFORMATION_FORMAT = dwarf;
				ENABLE_STRICT_OBJC_MSGSEND = YES;
				ENABLE_TESTABILITY = YES;
				GCC_C_LANGUAGE_STANDARD = gnu11;
				GCC_DYNAMIC_NO_PIC = NO;
				GCC_NO_COMMON_BLOCKS = YES;
				GCC_OPTIMIZATION_LEVEL = 0;
				GCC_PREPROCESSOR_DEFINITIONS = (
					"DEBUG=1",
					"$(inherited)",
				);
				GCC_WARN_64_TO_32_BIT_CONVERSION = YES;
				GCC_WARN_ABOUT_RETURN_TYPE = YES_ERROR;
				GCC_WARN_UNDECLARED_SELECTOR = YES;
				GCC_WARN_UNINITIALIZED_AUTOS = YES_AGGRESSIVE;
				GCC_WARN_UNUSED_FUNCTION = YES;
				GCC_WARN_UNUSED_VARIABLE = YES;
				MACOSX_DEPLOYMENT_TARGET = 14.0;
				MTL_ENABLE_DEBUG_INFO = INCLUDE_SOURCE;
				MTL_FAST_MATH = YES;
				ONLY_ACTIVE_ARCH = YES;
				PRODUCT_NAME = "$(TARGET_NAME)";
				SWIFT_ACTIVE_COMPILATION_CONDITIONS = DEBUG;
				SWIFT_OPTIMIZATION_LEVEL = "-Onone";
				SWIFT_VERSION = 5.0;
			};
			name = Debug;
		};
		DE4DEFA8CC15C028859DAE733B57B91E /* Debug */ = {
			isa = XCBuildConfiguration;
			buildSettings = {
				CODE_SIGN_STYLE = Automatic;
				DEVELOPMENT_TEAM = F7WUT95TT6;
				GENERATE_INFOPLIST_FILE = YES;
				LD_RUNPATH_SEARCH_PATHS = "$(inherited) @executable_path/../Frameworks @loader_path/../Frameworks";
				MACOSX_DEPLOYMENT_TARGET = 14.0;
				PRODUCT_BUNDLE_IDENTIFIER = com.selenehyun.FlowPeek.FlowPeekCoreTests;
				PRODUCT_NAME = "$(TARGET_NAME)";
				SDKROOT = macosx;
				SKIP_INSTALL = YES;
				SWIFT_VERSION = 6.0;
			};
			name = Debug;
		};
		F1A7171FD3ED4C4B0CCA3AAA6D04188A /* Debug */ = {
			isa = XCBuildConfiguration;
			buildSettings = {
				ENABLE_TESTABILITY = YES;
				EXECUTABLE_PREFIX = lib;
				MACOSX_DEPLOYMENT_TARGET = 14.0;
				PRODUCT_MODULE_NAME = FlowPeekCore;
				PRODUCT_NAME = FlowPeekCore;
				SDKROOT = macosx;
				SKIP_INSTALL = YES;
				SWIFT_VERSION = 6.0;
			};
			name = Debug;
		};
/* End XCBuildConfiguration section */

/* Begin XCConfigurationList section */
		0B3BB1827692FF554328F7EA016ED14F /* Build configuration list for PBXProject "FlowPeek" */ = {
			isa = XCConfigurationList;
			buildConfigurations = (
				926F6BC6B0D709FF81F74185C2388B42 /* Debug */,
				090B6F9659402B2D35CAA7AD0C56AE87 /* Release */,
			);
			defaultConfigurationIsVisible = 0;
			defaultConfigurationName = Release;
		};
		6627250382AB7968CD5DEC88D80B0E17 /* Build configuration list for PBXNativeTarget "FlowPeekRendererTests" */ = {
			isa = XCConfigurationList;
			buildConfigurations = (
				4CC3734B92B6D75F6DEF5916C64C9F2D /* Release */,
				87C8C355BCAA7AE646F2E261CCA88664 /* Debug */,
			);
			defaultConfigurationIsVisible = 0;
			defaultConfigurationName = Release;
		};
		6EFA57C015F4280A4AA6C528F99072C9 /* Build configuration list for PBXNativeTarget "FlowPeekCore" */ = {
			isa = XCConfigurationList;
			buildConfigurations = (
				591ED663A95A912324C6A0D6F412D00D /* Release */,
				F1A7171FD3ED4C4B0CCA3AAA6D04188A /* Debug */,
			);
			defaultConfigurationIsVisible = 0;
			defaultConfigurationName = Release;
		};
		8A64377DEBDFFC517B0AB02F047FCAD2 /* Build configuration list for PBXNativeTarget "FlowPeekCoreTests" */ = {
			isa = XCConfigurationList;
			buildConfigurations = (
				6C52B42253C9CF8A4F22D222560FDFD3 /* Release */,
				DE4DEFA8CC15C028859DAE733B57B91E /* Debug */,
			);
			defaultConfigurationIsVisible = 0;
			defaultConfigurationName = Release;
		};
		CDA355F6AEE8155B08C24313D052EE77 /* Build configuration list for PBXNativeTarget "FlowPeek" */ = {
			isa = XCConfigurationList;
			buildConfigurations = (
				5758DA55C471FE6D0D027FA6593137FE /* Release */,
				6E93D0FD295FC54BF3F0099B3970B9D9 /* Debug */,
			);
			defaultConfigurationIsVisible = 0;
			defaultConfigurationName = Release;
		};
/* End XCConfigurationList section */

/* Begin XCRemoteSwiftPackageReference section */
		38079CB03D1DA4F1E885CE2ADFF79A67 /* XCRemoteSwiftPackageReference "Sparkle" */ = {
			isa = XCRemoteSwiftPackageReference;
			repositoryURL = "https://github.com/sparkle-project/Sparkle";
			requirement = {
				kind = exactVersion;
				version = 2.9.2;
			};
		};
/* End XCRemoteSwiftPackageReference section */

/* Begin XCSwiftPackageProductDependency section */
		80571162D0A99916056D932533B16FAB /* Sparkle */ = {
			isa = XCSwiftPackageProductDependency;
			package = 38079CB03D1DA4F1E885CE2ADFF79A67 /* XCRemoteSwiftPackageReference "Sparkle" */;
			productName = Sparkle;
		};
/* End XCSwiftPackageProductDependency section */
	};
	rootObject = C70FEABD27D5F1808DAE5EAE67B4D9FE /* Project object */;
}
