// !$*UTF8*$!
{
	archiveVersion = 1;
	classes = {
	};
	objectVersion = 46;
	objects = {

/* Begin PBXBuildFile section */
		0417AE172832C5697B062AE0A588290F /* Sparkle in Frameworks */ = {isa = PBXBuildFile; productRef = B26B17B45795D1364CC83DE0A5674A6E /* Sparkle */; };
		046EC583392A1079DAE4559A37F48FB9 /* MermaidWebViewPool.swift in Sources */ = {isa = PBXBuildFile; fileRef = 42D0B556A228D4A90AD0A3475FCFFFD8 /* MermaidWebViewPool.swift */; };
		07D324E06C8023A036129115CCCE3E97 /* MermaidSource.swift in Sources */ = {isa = PBXBuildFile; fileRef = 9273C3B9DFE58DF38800842E7DAF9984 /* MermaidSource.swift */; };
		083626C498691255AB9BFD612BE1B781 /* SettingsWindowCoordinator.swift in Sources */ = {isa = PBXBuildFile; fileRef = B3E64E40400A391FB767058C8D11DC3C /* SettingsWindowCoordinator.swift */; };
		083887E5002ED371927E3AEB03D36ED2 /* MermaidDetector.swift in Sources */ = {isa = PBXBuildFile; fileRef = 28C6A4B42AD273DCF465348E2A8D99EE /* MermaidDetector.swift */; };
		095FC57B4E175331AD4901D6EB26A596 /* ShortcutRecorder.swift in Sources */ = {isa = PBXBuildFile; fileRef = D7CD00E894214B165F55C58F75247422 /* ShortcutRecorder.swift */; };
		0A81D4E62F22A8DCF3ECA31BD030D3AF /* mermaid.min.js in Resources */ = {isa = PBXBuildFile; fileRef = FD18DC354CB3086281A1DC36398220FD /* mermaid.min.js */; };
		18352010E9A0594A7CFB4DBF40A0240D /* ClipboardMonitor.swift in Sources */ = {isa = PBXBuildFile; fileRef = E0C1AE502AA44F4E188251BF58963A57 /* ClipboardMonitor.swift */; };
		1B0ACD896B391FBA4681B7CF290596DD /* TutorialProgressTests.swift in Sources */ = {isa = PBXBuildFile; fileRef = 875C8D31197DC1A89D792D3EAB22300D /* TutorialProgressTests.swift */; };
		1F637C0359B3EB71F4E0F38B644C24E8 /* AppLanguageTests.swift in Sources */ = {isa = PBXBuildFile; fileRef = B11DE0E4DA2D0EFC6AB3D082D943DCD2 /* AppLanguageTests.swift */; };
		26DF2C59895866C99555A80DC64E2360 /* APIKeyCoordinator.swift in Sources */ = {isa = PBXBuildFile; fileRef = 3C7599F6F40D57595BD9112D904EA496 /* APIKeyCoordinator.swift */; };
		277F718E430544B336557F514FFF7427 /* AmbientPeekTests.swift in Sources */ = {isa = PBXBuildFile; fileRef = F5126D644E761B5138C1B8944A74DFC3 /* AmbientPeekTests.swift */; };
		2EBF778B5C4C87880396575B188AECD4 /* MermaidRenderer.swift in Sources */ = {isa = PBXBuildFile; fileRef = 691B4F3E5FC9CFA52E5DDF4E02F2237F /* MermaidRenderer.swift */; };
		30992866309DF555DE49DAECBF7B7292 /* MermaidEngineTests.swift in Sources */ = {isa = PBXBuildFile; fileRef = 40A69E42E2CAC3F0F5F623EC7C2ED853 /* MermaidEngineTests.swift */; };
		30E88F79F8A9EB22583696AC5B3D087E /* MermaidDetectorTests.swift in Sources */ = {isa = PBXBuildFile; fileRef = 0946B19C67F0B8303820CAA7AB3D0B15 /* MermaidDetectorTests.swift */; };
		332049F505635AF0CDA984A96454E6F5 /* flowpeek-glue.js in Resources */ = {isa = PBXBuildFile; fileRef = C8C7E1EA46C30B7487DDCFAFE2C7A25D /* flowpeek-glue.js */; };
		336332D74EE3315D9C83E7C4307CD533 /* SelectionGathererTests.swift in Sources */ = {isa = PBXBuildFile; fileRef = F61F12759697D998F040A29D1A2EE6D4 /* SelectionGathererTests.swift */; };
		430D8ABB7081975FCAA2F1AFCA1C019B /* Cocoa.framework in Frameworks */ = {isa = PBXBuildFile; fileRef = 82ED1D28CA2B2EBBEF0C46E5B49C8263 /* Cocoa.framework */; };
		4A0FED3F190C793E15B09728E09FC842 /* RendererTestBundleTests.swift in Sources */ = {isa = PBXBuildFile; fileRef = 0E1C7DB9FE22B20FAD7CCF0A805F6BF5 /* RendererTestBundleTests.swift */; };
		4DF17A1FAB4B5F6629E86B98D315201F /* SelectionMonitor.swift in Sources */ = {isa = PBXBuildFile; fileRef = 21152B2C3275ED069C3E6BB6F35F74ED /* SelectionMonitor.swift */; };
		4EFE394175BB0915F3D5537C36FBFC8B /* MermaidWebPolicy.swift in Sources */ = {isa = PBXBuildFile; fileRef = 9235838DA6AB266874E0B9384B765DD0 /* MermaidWebPolicy.swift */; };
		51D633FDC35DFF78E81CAB4F42E7C147 /* Localizable.strings in Resources */ = {isa = PBXBuildFile; fileRef = 1BB57A94B653663259A1E57A5348B9FF /* Localizable.strings */; };
		51E5F6125B762F5EDBBEA1B37027583D /* KeyboardShortcutTests.swift in Sources */ = {isa = PBXBuildFile; fileRef = 7E250E69EB719FA0C64ABDBB8770D77B /* KeyboardShortcutTests.swift */; };
		557BFFAA87542863F201C1EC49806C2F /* AppCommandRouter.swift in Sources */ = {isa = PBXBuildFile; fileRef = E17095B1AEE8349CB17FA6854E4313A8 /* AppCommandRouter.swift */; };
		558E01A94921C9EAD78AFD8416B2D04B /* TutorialProgress.swift in Sources */ = {isa = PBXBuildFile; fileRef = 56229ED837E93A1EBF88A1736E4FE00C /* TutorialProgress.swift */; };
		62B07CF9B9DCE2339BCEFA5DF5732350 /* SettingsView.swift in Sources */ = {isa = PBXBuildFile; fileRef = 7B00FC31D20169F082C87BA569A2DD0E /* SettingsView.swift */; };
		6506BB3EE11FE44EA6EADCC035D47AE5 /* MermaidEnginePage.swift in Sources */ = {isa = PBXBuildFile; fileRef = 7F22395CBB6B1F1E2F81DBFA74BF1DC0 /* MermaidEnginePage.swift */; };
		6548EF340F2EFA1D5EFB12543CE041DD /* PreviewLifecycleTests.swift in Sources */ = {isa = PBXBuildFile; fileRef = F8C1345CB8C3A8A7AF4D3471E1E971CC /* PreviewLifecycleTests.swift */; };
		65B97BCF2CC9354062833090B0E39D87 /* KeychainStore.swift in Sources */ = {isa = PBXBuildFile; fileRef = 3764AFD1B3EB5563157C584CF050AEAF /* KeychainStore.swift */; };
		681D6E8A82EDBE8007B4ED10A2586BDE /* AmbientPeek.swift in Sources */ = {isa = PBXBuildFile; fileRef = 43D72A759347D0BABE124E3A5F9E6BDC /* AmbientPeek.swift */; };
		69760A5C2FA8D15DB1D7C08D2AB6E416 /* MenuBarContent.swift in Sources */ = {isa = PBXBuildFile; fileRef = D1372371BD32361A2CE724800D8B8A2F /* MenuBarContent.swift */; };
		6D4EC9AD84C1638E1E79ACA0BE1F76EC /* MermaidRendererTests.swift in Sources */ = {isa = PBXBuildFile; fileRef = CDDFE06DFD3BFAF4C669DFBA18DB56F0 /* MermaidRendererTests.swift */; };
		6DFB2B08795FA77064D4F8A27CE3D39C /* SelectionOverlay.swift in Sources */ = {isa = PBXBuildFile; fileRef = B76B6136D3F20CE0F3FDC180C434EF23 /* SelectionOverlay.swift */; };
		70200E303A2815631435FD3154F82F4D /* MermaidDetectorCorpusTests.swift in Sources */ = {isa = PBXBuildFile; fileRef = 2FFCDA83442EE8EBB413D968560ABD35 /* MermaidDetectorCorpusTests.swift */; };
		73CC72E3B2E73115041BB15055CA1950 /* AmbientHighlight.swift in Sources */ = {isa = PBXBuildFile; fileRef = 50651346D04DCE7312118A611BCB452A /* AmbientHighlight.swift */; };
		75405CB3B265F2637B28151DBB672DB4 /* GlassWindowComponents.swift in Sources */ = {isa = PBXBuildFile; fileRef = 7D4E5E4F7800DB3C4076F0CF245C6D8C /* GlassWindowComponents.swift */; };
		7661FAE65B228B9735740803BC4FB9C3 /* AIPrompt.swift in Sources */ = {isa = PBXBuildFile; fileRef = D244FC4C6EA1B33DF997AA965CDC5950 /* AIPrompt.swift */; };
		80DFFE6A13397B5F1BC2606BC36C85F0 /* Cocoa.framework in Frameworks */ = {isa = PBXBuildFile; fileRef = 82ED1D28CA2B2EBBEF0C46E5B49C8263 /* Cocoa.framework */; };
		864AA5B27251A02EA2B9F211E0A4202C /* AccessibilityPermissionFlowTests.swift in Sources */ = {isa = PBXBuildFile; fileRef = 4B02003412F18E1A056B865B1266850E /* AccessibilityPermissionFlowTests.swift */; };
		91DDDC09C61968F100EB9658AD131AFA /* AppIcon.icon in Resources */ = {isa = PBXBuildFile; fileRef = E5CF5318E2D0AB9A621A9C98D9101947 /* AppIcon.icon */; };
		93036D82EC58FBA731EF91426AB9FA57 /* GlobalHotKey.swift in Sources */ = {isa = PBXBuildFile; fileRef = A47BA2087C8FD723DE1D0668A5414FD0 /* GlobalHotKey.swift */; };
		9C17CD8CEA16A5E2C3684C5C948A0E38 /* AccessibilityPermissionFlow.swift in Sources */ = {isa = PBXBuildFile; fileRef = 9C41910D73F7E2BF80CDCFC55FD33A3F /* AccessibilityPermissionFlow.swift */; };
		9C1BDC8A7640E5BA40D25A7A3C0819FA /* AppDelegate.swift in Sources */ = {isa = PBXBuildFile; fileRef = DAEAD6E9890B15327233E097CC5DD4BA /* AppDelegate.swift */; };
		A0BD9DD0B35C3073FD24F0F8441F9674 /* InstallLocationAdvisor.swift in Sources */ = {isa = PBXBuildFile; fileRef = 3FB06CC2E8E4B320985938D490722579 /* InstallLocationAdvisor.swift */; };
		A66BE0EBB32337C521605F69EE0B9F69 /* AmbientPeekMonitor.swift in Sources */ = {isa = PBXBuildFile; fileRef = 7BCAB2B6532C848D4AB9997B56DEC430 /* AmbientPeekMonitor.swift */; };
		A867BE413F3368BF19C95CC7E2664551 /* MacMermaidTheme.swift in Sources */ = {isa = PBXBuildFile; fileRef = 1A0B0681C49DB925D80E6803D596C749 /* MacMermaidTheme.swift */; };
		A99446605ABD1AD5616580FD34D55C6F /* AppState.swift in Sources */ = {isa = PBXBuildFile; fileRef = BFF9A1800DA6A54835EBF8A73ED9CE25 /* AppState.swift */; };
		ADE6AF7766AA16F92F7DA2C5DFB8663C /* OnboardingPolicyTests.swift in Sources */ = {isa = PBXBuildFile; fileRef = 862D82B072C1BBBEADBA4D28CB72F9BC /* OnboardingPolicyTests.swift */; };
		B36B0691FF1D3330913C76B4A480B817 /* FlowPeekApp.swift in Sources */ = {isa = PBXBuildFile; fileRef = A11DAF056AA6F488556DDA6682F97E99 /* FlowPeekApp.swift */; };
		B82778F69D528BB60F2D38035F14FCE9 /* AIProviders.swift in Sources */ = {isa = PBXBuildFile; fileRef = D79350C40CC58A9F7B55C1E3C7D10435 /* AIProviders.swift */; };
		BE88253D2C78248199AF460AA99AD7FB /* OnboardingPolicy.swift in Sources */ = {isa = PBXBuildFile; fileRef = CAA9B92E91E6807811DF8F9520D0641C /* OnboardingPolicy.swift */; };
		C03B1DC9CB56C09F1BAC6F2940C049BB /* SelectionGatherer.swift in Sources */ = {isa = PBXBuildFile; fileRef = E00637DA455552992B1A05814C95081C /* SelectionGatherer.swift */; };
		C437CCD1241428CC7B26CD765F052AC9 /* UpdaterService.swift in Sources */ = {isa = PBXBuildFile; fileRef = 1DFA587FFDAED4933FC4978586C620B6 /* UpdaterService.swift */; };
		C53C04EDF034EE68D6600CC21DA2D487 /* ShortcutCenter.swift in Sources */ = {isa = PBXBuildFile; fileRef = 2321AE2D27FDD4A46DE1F6398EB72DDF /* ShortcutCenter.swift */; };
		C6925D63E9F059891946336BD52B9E8E /* AppLanguage.swift in Sources */ = {isa = PBXBuildFile; fileRef = C8389B6798613B7B40BD7FC22EC62E9B /* AppLanguage.swift */; };
		C6CF843D1634808CA7B6A0E83F0A2770 /* Onboarding.swift in Sources */ = {isa = PBXBuildFile; fileRef = 2F31F1E4FE8DF7FFC9DAB74CDAB8581B /* Onboarding.swift */; };
		CB611E5BC360CB78437DCE890DC9C4D0 /* TutorialPractice.swift in Sources */ = {isa = PBXBuildFile; fileRef = 0F4AE579CEF124909BF9F2845675557F /* TutorialPractice.swift */; };
		CDD2C1540429759A56542C93F8785161 /* DiagramPreview.swift in Sources */ = {isa = PBXBuildFile; fileRef = 77759D052000876DDCF07B1E0E864E55 /* DiagramPreview.swift */; };
		D07F3F8338DDF4E0C72C26F64CA135C1 /* ClipboardIndicator.swift in Sources */ = {isa = PBXBuildFile; fileRef = D84FF4BF8C9AFB02AB35F0B5CDE548B8 /* ClipboardIndicator.swift */; };
		D38EF32F71A4E2B8FC07CC8F304ED27F /* Models.swift in Sources */ = {isa = PBXBuildFile; fileRef = ABC2593C44A24DE53E65944EBCBB941D /* Models.swift */; };
		D4CE4CB9B3302CABC6F025A24A621FC8 /* libFlowPeekCore.a in Frameworks */ = {isa = PBXBuildFile; fileRef = 2E273BAB6E7F1C381D22D5106C82CA29 /* libFlowPeekCore.a */; };
		DB8A75ACF1DA341BC6D3E7ACEF82CF83 /* MermaidSourceTests.swift in Sources */ = {isa = PBXBuildFile; fileRef = 4B3E9D9E44D4E4F6362C77A89339FE67 /* MermaidSourceTests.swift */; };
		DF13A03BA587DCD2986C165A963632DC /* SelectionSnapshotTests.swift in Sources */ = {isa = PBXBuildFile; fileRef = E4FB158EFC446890BED8791FDFC1B736 /* SelectionSnapshotTests.swift */; };
		EA4EEBECE1355958093AD024E4C68E15 /* libFlowPeekCore.a in Frameworks */ = {isa = PBXBuildFile; fileRef = 2E273BAB6E7F1C381D22D5106C82CA29 /* libFlowPeekCore.a */; };
		ED1B206BD0B4441618E66B8EC8F341EB /* AppCommandRouterTests.swift in Sources */ = {isa = PBXBuildFile; fileRef = EDEA2218FCD0C79166BD1500AF46BBF4 /* AppCommandRouterTests.swift */; };
		EFF6B0BF2796D15E1EA872DCE8430F02 /* Cocoa.framework in Frameworks */ = {isa = PBXBuildFile; fileRef = 82ED1D28CA2B2EBBEF0C46E5B49C8263 /* Cocoa.framework */; };
		FB767A84EC51326F34893D2677B2E1D7 /* MermaidWebView.swift in Sources */ = {isa = PBXBuildFile; fileRef = 7D3D0E5946D775A0752DA02AFA8BD2E5 /* MermaidWebView.swift */; };
		FB78D0849FFB6AB511D793CC9DF2E224 /* KeyboardShortcut.swift in Sources */ = {isa = PBXBuildFile; fileRef = D6D4F062BA4C41629DB29B3A5F804975 /* KeyboardShortcut.swift */; };
/* End PBXBuildFile section */

/* Begin PBXContainerItemProxy section */
		3EA5BE313A098A83353B1EE61155BEF9 /* PBXContainerItemProxy */ = {
			isa = PBXContainerItemProxy;
			containerPortal = C70FEABD27D5F1808DAE5EAE67B4D9FE /* Project object */;
			proxyType = 1;
			remoteGlobalIDString = 973C0E285C734045D46581A869368F2D;
			remoteInfo = FlowPeekCore;
		};
		CC35A4554B8118796A0CA8FAEF4EF7B8 /* PBXContainerItemProxy */ = {
			isa = PBXContainerItemProxy;
			containerPortal = C70FEABD27D5F1808DAE5EAE67B4D9FE /* Project object */;
			proxyType = 1;
			remoteGlobalIDString = AA348701079EC846941A54D12F2B405F;
			remoteInfo = FlowPeek;
		};
		DE3A92F166E57F7B24E783D398C0D60D /* PBXContainerItemProxy */ = {
			isa = PBXContainerItemProxy;
			containerPortal = C70FEABD27D5F1808DAE5EAE67B4D9FE /* Project object */;
			proxyType = 1;
			remoteGlobalIDString = 973C0E285C734045D46581A869368F2D;
			remoteInfo = FlowPeekCore;
		};
/* End PBXContainerItemProxy section */

/* Begin PBXFileReference section */
		0946B19C67F0B8303820CAA7AB3D0B15 /* MermaidDetectorTests.swift */ = {isa = PBXFileReference; includeInIndex = 1; lastKnownFileType = sourcecode.swift; path = MermaidDetectorTests.swift; sourceTree = "<group>"; };
		0E1C7DB9FE22B20FAD7CCF0A805F6BF5 /* RendererTestBundleTests.swift */ = {isa = PBXFileReference; includeInIndex = 1; lastKnownFileType = sourcecode.swift; path = RendererTestBundleTests.swift; sourceTree = "<group>"; };
		0F4AE579CEF124909BF9F2845675557F /* TutorialPractice.swift */ = {isa = PBXFileReference; includeInIndex = 1; lastKnownFileType = sourcecode.swift; path = TutorialPractice.swift; sourceTree = "<group>"; };
		1A0B0681C49DB925D80E6803D596C749 /* MacMermaidTheme.swift */ = {isa = PBXFileReference; includeInIndex = 1; lastKnownFileType = sourcecode.swift; path = MacMermaidTheme.swift; sourceTree = "<group>"; };
		1C0C8218000D324E1829DC663ABDF236 /* Info.plist */ = {isa = PBXFileReference; includeInIndex = 1; lastKnownFileType = text.plist.xml; path = Info.plist; sourceTree = "<group>"; };
		1DFA587FFDAED4933FC4978586C620B6 /* UpdaterService.swift */ = {isa = PBXFileReference; includeInIndex = 1; lastKnownFileType = sourcecode.swift; path = UpdaterService.swift; sourceTree = "<group>"; };
		21152B2C3275ED069C3E6BB6F35F74ED /* SelectionMonitor.swift */ = {isa = PBXFileReference; includeInIndex = 1; lastKnownFileType = sourcecode.swift; path = SelectionMonitor.swift; sourceTree = "<group>"; };
		2321AE2D27FDD4A46DE1F6398EB72DDF /* ShortcutCenter.swift */ = {isa = PBXFileReference; includeInIndex = 1; lastKnownFileType = sourcecode.swift; path = ShortcutCenter.swift; sourceTree = "<group>"; };
		28C6A4B42AD273DCF465348E2A8D99EE /* MermaidDetector.swift */ = {isa = PBXFileReference; includeInIndex = 1; lastKnownFileType = sourcecode.swift; path = MermaidDetector.swift; sourceTree = "<group>"; };
		2E273BAB6E7F1C381D22D5106C82CA29 /* libFlowPeekCore.a */ = {isa = PBXFileReference; explicitFileType = archive.ar; includeInIndex = 0; path = libFlowPeekCore.a; sourceTree = BUILT_PRODUCTS_DIR; };
		2F31F1E4FE8DF7FFC9DAB74CDAB8581B /* Onboarding.swift */ = {isa = PBXFileReference; includeInIndex = 1; lastKnownFileType = sourcecode.swift; path = Onboarding.swift; sourceTree = "<group>"; };
		2FFCDA83442EE8EBB413D968560ABD35 /* MermaidDetectorCorpusTests.swift */ = {isa = PBXFileReference; includeInIndex = 1; lastKnownFileType = sourcecode.swift; path = MermaidDetectorCorpusTests.swift; sourceTree = "<group>"; };
		3764AFD1B3EB5563157C584CF050AEAF /* KeychainStore.swift */ = {isa = PBXFileReference; includeInIndex = 1; lastKnownFileType = sourcecode.swift; path = KeychainStore.swift; sourceTree = "<group>"; };
		3C7599F6F40D57595BD9112D904EA496 /* APIKeyCoordinator.swift */ = {isa = PBXFileReference; includeInIndex = 1; lastKnownFileType = sourcecode.swift; path = APIKeyCoordinator.swift; sourceTree = "<group>"; };
		3FB06CC2E8E4B320985938D490722579 /* InstallLocationAdvisor.swift */ = {isa = PBXFileReference; includeInIndex = 1; lastKnownFileType = sourcecode.swift; path = InstallLocationAdvisor.swift; sourceTree = "<group>"; };
		40A69E42E2CAC3F0F5F623EC7C2ED853 /* MermaidEngineTests.swift */ = {isa = PBXFileReference; includeInIndex = 1; lastKnownFileType = sourcecode.swift; path = MermaidEngineTests.swift; sourceTree = "<group>"; };
		42D0B556A228D4A90AD0A3475FCFFFD8 /* MermaidWebViewPool.swift */ = {isa = PBXFileReference; includeInIndex = 1; lastKnownFileType = sourcecode.swift; path = MermaidWebViewPool.swift; sourceTree = "<group>"; };
		43D72A759347D0BABE124E3A5F9E6BDC /* AmbientPeek.swift */ = {isa = PBXFileReference; includeInIndex = 1; lastKnownFileType = sourcecode.swift; path = AmbientPeek.swift; sourceTree = "<group>"; };
		4B02003412F18E1A056B865B1266850E /* AccessibilityPermissionFlowTests.swift */ = {isa = PBXFileReference; includeInIndex = 1; lastKnownFileType = sourcecode.swift; path = AccessibilityPermissionFlowTests.swift; sourceTree = "<group>"; };
		4B3E9D9E44D4E4F6362C77A89339FE67 /* MermaidSourceTests.swift */ = {isa = PBXFileReference; includeInIndex = 1; lastKnownFileType = sourcecode.swift; path = MermaidSourceTests.swift; sourceTree = "<group>"; };
		50651346D04DCE7312118A611BCB452A /* AmbientHighlight.swift */ = {isa = PBXFileReference; includeInIndex = 1; lastKnownFileType = sourcecode.swift; path = AmbientHighlight.swift; sourceTree = "<group>"; };
		56229ED837E93A1EBF88A1736E4FE00C /* TutorialProgress.swift */ = {isa = PBXFileReference; includeInIndex = 1; lastKnownFileType = sourcecode.swift; path = TutorialProgress.swift; sourceTree = "<group>"; };
		5F4FA72D75C7581591C019760B5F5470 /* Localizable.strings */ = {isa = PBXFileReference; includeInIndex = 1; lastKnownFileType = text.plist.strings; name = Localizable.strings; path = en.lproj/Localizable.strings; sourceTree = "<group>"; };
		691B4F3E5FC9CFA52E5DDF4E02F2237F /* MermaidRenderer.swift */ = {isa = PBXFileReference; includeInIndex = 1; lastKnownFileType = sourcecode.swift; path = MermaidRenderer.swift; sourceTree = "<group>"; };
		6CB12CED791B687066C8DB4CF40E9A30 /* FlowPeekCoreTests.xctest */ = {isa = PBXFileReference; explicitFileType = wrapper.cfbundle; includeInIndex = 0; path = FlowPeekCoreTests.xctest; sourceTree = BUILT_PRODUCTS_DIR; };
		77759D052000876DDCF07B1E0E864E55 /* DiagramPreview.swift */ = {isa = PBXFileReference; includeInIndex = 1; lastKnownFileType = sourcecode.swift; path = DiagramPreview.swift; sourceTree = "<group>"; };
		7B00FC31D20169F082C87BA569A2DD0E /* SettingsView.swift */ = {isa = PBXFileReference; includeInIndex = 1; lastKnownFileType = sourcecode.swift; path = SettingsView.swift; sourceTree = "<group>"; };
		7BCAB2B6532C848D4AB9997B56DEC430 /* AmbientPeekMonitor.swift */ = {isa = PBXFileReference; includeInIndex = 1; lastKnownFileType = sourcecode.swift; path = AmbientPeekMonitor.swift; sourceTree = "<group>"; };
		7D3D0E5946D775A0752DA02AFA8BD2E5 /* MermaidWebView.swift */ = {isa = PBXFileReference; includeInIndex = 1; lastKnownFileType = sourcecode.swift; path = MermaidWebView.swift; sourceTree = "<group>"; };
		7D4E5E4F7800DB3C4076F0CF245C6D8C /* GlassWindowComponents.swift */ = {isa = PBXFileReference; includeInIndex = 1; lastKnownFileType = sourcecode.swift; path = GlassWindowComponents.swift; sourceTree = "<group>"; };
		7E250E69EB719FA0C64ABDBB8770D77B /* KeyboardShortcutTests.swift */ = {isa = PBXFileReference; includeInIndex = 1; lastKnownFileType = sourcecode.swift; path = KeyboardShortcutTests.swift; sourceTree = "<group>"; };
		7F22395CBB6B1F1E2F81DBFA74BF1DC0 /* MermaidEnginePage.swift */ = {isa = PBXFileReference; includeInIndex = 1; lastKnownFileType = sourcecode.swift; path = MermaidEnginePage.swift; sourceTree = "<group>"; };
		82ED1D28CA2B2EBBEF0C46E5B49C8263 /* Cocoa.framework */ = {isa = PBXFileReference; lastKnownFileType = wrapper.framework; name = Cocoa.framework; path = Platforms/MacOSX.platform/Developer/SDKs/MacOSX26.0.sdk/System/Library/Frameworks/Cocoa.framework; sourceTree = DEVELOPER_DIR; };
		862D82B072C1BBBEADBA4D28CB72F9BC /* OnboardingPolicyTests.swift */ = {isa = PBXFileReference; includeInIndex = 1; lastKnownFileType = sourcecode.swift; path = OnboardingPolicyTests.swift; sourceTree = "<group>"; };
		875C8D31197DC1A89D792D3EAB22300D /* TutorialProgressTests.swift */ = {isa = PBXFileReference; includeInIndex = 1; lastKnownFileType = sourcecode.swift; path = TutorialProgressTests.swift; sourceTree = "<group>"; };
		9235838DA6AB266874E0B9384B765DD0 /* MermaidWebPolicy.swift */ = {isa = PBXFileReference; includeInIndex = 1; lastKnownFileType = sourcecode.swift; path = MermaidWebPolicy.swift; sourceTree = "<group>"; };
		9273C3B9DFE58DF38800842E7DAF9984 /* MermaidSource.swift */ = {isa = PBXFileReference; includeInIndex = 1; lastKnownFileType = sourcecode.swift; path = MermaidSource.swift; sourceTree = "<group>"; };
		9C41910D73F7E2BF80CDCFC55FD33A3F /* AccessibilityPermissionFlow.swift */ = {isa = PBXFileReference; includeInIndex = 1; lastKnownFileType = sourcecode.swift; path = AccessibilityPermissionFlow.swift; sourceTree = "<group>"; };
		A11DAF056AA6F488556DDA6682F97E99 /* FlowPeekApp.swift */ = {isa = PBXFileReference; includeInIndex = 1; lastKnownFileType = sourcecode.swift; path = FlowPeekApp.swift; sourceTree = "<group>"; };
		A47BA2087C8FD723DE1D0668A5414FD0 /* GlobalHotKey.swift */ = {isa = PBXFileReference; includeInIndex = 1; lastKnownFileType = sourcecode.swift; path = GlobalHotKey.swift; sourceTree = "<group>"; };
		ABA492181E9672BC21AAF398261463DE /* FlowPeekRendererTests.xctest */ = {isa = PBXFileReference; explicitFileType = wrapper.cfbundle; includeInIndex = 0; path = FlowPeekRendererTests.xctest; sourceTree = BUILT_PRODUCTS_DIR; };
		ABC2593C44A24DE53E65944EBCBB941D /* Models.swift */ = {isa = PBXFileReference; includeInIndex = 1; lastKnownFileType = sourcecode.swift; path = Models.swift; sourceTree = "<group>"; };
		B11DE0E4DA2D0EFC6AB3D082D943DCD2 /* AppLanguageTests.swift */ = {isa = PBXFileReference; includeInIndex = 1; lastKnownFileType = sourcecode.swift; path = AppLanguageTests.swift; sourceTree = "<group>"; };
		B3E64E40400A391FB767058C8D11DC3C /* SettingsWindowCoordinator.swift */ = {isa = PBXFileReference; includeInIndex = 1; lastKnownFileType = sourcecode.swift; path = SettingsWindowCoordinator.swift; sourceTree = "<group>"; };
		B76B6136D3F20CE0F3FDC180C434EF23 /* SelectionOverlay.swift */ = {isa = PBXFileReference; includeInIndex = 1; lastKnownFileType = sourcecode.swift; path = SelectionOverlay.swift; sourceTree = "<group>"; };
		B7CDFB2D9909084ADB9F6EBE7D87164B /* FlowPeek.app */ = {isa = PBXFileReference; explicitFileType = wrapper.application; includeInIndex = 0; path = FlowPeek.app; sourceTree = BUILT_PRODUCTS_DIR; };
		BFF9A1800DA6A54835EBF8A73ED9CE25 /* AppState.swift */ = {isa = PBXFileReference; includeInIndex = 1; lastKnownFileType = sourcecode.swift; path = AppState.swift; sourceTree = "<group>"; };
		C6ACC7750AE03B06D8E7374ABB25EB4A /* FlowPeek.entitlements */ = {isa = PBXFileReference; includeInIndex = 1; lastKnownFileType = text.plist.entitlements; path = FlowPeek.entitlements; sourceTree = "<group>"; };
		C8389B6798613B7B40BD7FC22EC62E9B /* AppLanguage.swift */ = {isa = PBXFileReference; includeInIndex = 1; lastKnownFileType = sourcecode.swift; path = AppLanguage.swift; sourceTree = "<group>"; };
		C8C7E1EA46C30B7487DDCFAFE2C7A25D /* flowpeek-glue.js */ = {isa = PBXFileReference; includeInIndex = 1; path = "flowpeek-glue.js"; sourceTree = "<group>"; };
		CAA9B92E91E6807811DF8F9520D0641C /* OnboardingPolicy.swift */ = {isa = PBXFileReference; includeInIndex = 1; lastKnownFileType = sourcecode.swift; path = OnboardingPolicy.swift; sourceTree = "<group>"; };
		CBB86AA6018EBB4CA5CDC03D80192248 /* Localizable.strings */ = {isa = PBXFileReference; includeInIndex = 1; lastKnownFileType = text.plist.strings; name = Localizable.strings; path = ko.lproj/Localizable.strings; sourceTree = "<group>"; };
		CDDFE06DFD3BFAF4C669DFBA18DB56F0 /* MermaidRendererTests.swift */ = {isa = PBXFileReference; includeInIndex = 1; lastKnownFileType = sourcecode.swift; path = MermaidRendererTests.swift; sourceTree = "<group>"; };
		D1372371BD32361A2CE724800D8B8A2F /* MenuBarContent.swift */ = {isa = PBXFileReference; includeInIndex = 1; lastKnownFileType = sourcecode.swift; path = MenuBarContent.swift; sourceTree = "<group>"; };
		D244FC4C6EA1B33DF997AA965CDC5950 /* AIPrompt.swift */ = {isa = PBXFileReference; includeInIndex = 1; lastKnownFileType = sourcecode.swift; path = AIPrompt.swift; sourceTree = "<group>"; };
		D6D4F062BA4C41629DB29B3A5F804975 /* KeyboardShortcut.swift */ = {isa = PBXFileReference; includeInIndex = 1; lastKnownFileType = sourcecode.swift; path = KeyboardShortcut.swift; sourceTree = "<group>"; };
		D79350C40CC58A9F7B55C1E3C7D10435 /* AIProviders.swift */ = {isa = PBXFileReference; includeInIndex = 1; lastKnownFileType = sourcecode.swift; path = AIProviders.swift; sourceTree = "<group>"; };
		D7CD00E894214B165F55C58F75247422 /* ShortcutRecorder.swift */ = {isa = PBXFileReference; includeInIndex = 1; lastKnownFileType = sourcecode.swift; path = ShortcutRecorder.swift; sourceTree = "<group>"; };
		D84FF4BF8C9AFB02AB35F0B5CDE548B8 /* ClipboardIndicator.swift */ = {isa = PBXFileReference; includeInIndex = 1; lastKnownFileType = sourcecode.swift; path = ClipboardIndicator.swift; sourceTree = "<group>"; };
		DAEAD6E9890B15327233E097CC5DD4BA /* AppDelegate.swift */ = {isa = PBXFileReference; includeInIndex = 1; lastKnownFileType = sourcecode.swift; path = AppDelegate.swift; sourceTree = "<group>"; };
		E00637DA455552992B1A05814C95081C /* SelectionGatherer.swift */ = {isa = PBXFileReference; includeInIndex = 1; lastKnownFileType = sourcecode.swift; path = SelectionGatherer.swift; sourceTree = "<group>"; };
		E0C1AE502AA44F4E188251BF58963A57 /* ClipboardMonitor.swift */ = {isa = PBXFileReference; includeInIndex = 1; lastKnownFileType = sourcecode.swift; path = ClipboardMonitor.swift; sourceTree = "<group>"; };
		E17095B1AEE8349CB17FA6854E4313A8 /* AppCommandRouter.swift */ = {isa = PBXFileReference; includeInIndex = 1; lastKnownFileType = sourcecode.swift; path = AppCommandRouter.swift; sourceTree = "<group>"; };
		E4FB158EFC446890BED8791FDFC1B736 /* SelectionSnapshotTests.swift */ = {isa = PBXFileReference; includeInIndex = 1; lastKnownFileType = sourcecode.swift; path = SelectionSnapshotTests.swift; sourceTree = "<group>"; };
		E5CF5318E2D0AB9A621A9C98D9101947 /* AppIcon.icon */ = {isa = PBXFileReference; includeInIndex = 1; path = AppIcon.icon; sourceTree = "<group>"; };
		EDEA2218FCD0C79166BD1500AF46BBF4 /* AppCommandRouterTests.swift */ = {isa = PBXFileReference; includeInIndex = 1; lastKnownFileType = sourcecode.swift; path = AppCommandRouterTests.swift; sourceTree = "<group>"; };
		F5126D644E761B5138C1B8944A74DFC3 /* AmbientPeekTests.swift */ = {isa = PBXFileReference; includeInIndex = 1; lastKnownFileType = sourcecode.swift; path = AmbientPeekTests.swift; sourceTree = "<group>"; };
		F61F12759697D998F040A29D1A2EE6D4 /* SelectionGathererTests.swift */ = {isa = PBXFileReference; includeInIndex = 1; lastKnownFileType = sourcecode.swift; path = SelectionGathererTests.swift; sourceTree = "<group>"; };
		F8C1345CB8C3A8A7AF4D3471E1E971CC /* PreviewLifecycleTests.swift */ = {isa = PBXFileReference; includeInIndex = 1; lastKnownFileType = sourcecode.swift; path = PreviewLifecycleTests.swift; sourceTree = "<group>"; };
		FD18DC354CB3086281A1DC36398220FD /* mermaid.min.js */ = {isa = PBXFileReference; includeInIndex = 1; path = mermaid.min.js; sourceTree = "<group>"; };
/* End PBXFileReference section */

/* Begin PBXFrameworksBuildPhase section */
		0004619D4CF2943D840700B47E3249F0 /* Frameworks */ = {
			isa = PBXFrameworksBuildPhase;
			buildActionMask = 2147483647;
			files = (
				80DFFE6A13397B5F1BC2606BC36C85F0 /* Cocoa.framework in Frameworks */,
			);
			runOnlyForDeploymentPostprocessing = 0;
		};
		885042D1E4F27978F8C6AD7284581FEC /* Frameworks */ = {
			isa = PBXFrameworksBuildPhase;
			buildActionMask = 2147483647;
			files = (
			);
			runOnlyForDeploymentPostprocessing = 0;
		};
		CB420638CA064E9D7F1B763979ECE0B9 /* Frameworks */ = {
			isa = PBXFrameworksBuildPhase;
			buildActionMask = 2147483647;
			files = (
				430D8ABB7081975FCAA2F1AFCA1C019B /* Cocoa.framework in Frameworks */,
				D4CE4CB9B3302CABC6F025A24A621FC8 /* libFlowPeekCore.a in Frameworks */,
			);
			runOnlyForDeploymentPostprocessing = 0;
		};
		FFE150E469370B647191813C242A16E6 /* Frameworks */ = {
			isa = PBXFrameworksBuildPhase;
			buildActionMask = 2147483647;
			files = (
				EFF6B0BF2796D15E1EA872DCE8430F02 /* Cocoa.framework in Frameworks */,
				EA4EEBECE1355958093AD024E4C68E15 /* libFlowPeekCore.a in Frameworks */,
				0417AE172832C5697B062AE0A588290F /* Sparkle in Frameworks */,
			);
			runOnlyForDeploymentPostprocessing = 0;
		};
/* End PBXFrameworksBuildPhase section */

/* Begin PBXGroup section */
		02F3BB2D1B9464AAAA5B7B52987D8BB1 /* Sources */ = {
			isa = PBXGroup;
			children = (
				F94AA8A2A073D2D84EAE9B80C877493F /* FlowPeekCore */,
				53980FC5D2FAA05422CD3A6321079B87 /* FlowPeek */,
			);
			name = Sources;
			path = Sources;
			sourceTree = "<group>";
		};
		36248E2B3C9B0240266AA5335F7F3BE7 /* FlowPeekRendererTests */ = {
			isa = PBXGroup;
			children = (
				40A69E42E2CAC3F0F5F623EC7C2ED853 /* MermaidEngineTests.swift */,
				F8C1345CB8C3A8A7AF4D3471E1E971CC /* PreviewLifecycleTests.swift */,
				0E1C7DB9FE22B20FAD7CCF0A805F6BF5 /* RendererTestBundleTests.swift */,
			);
			name = FlowPeekRendererTests;
			path = FlowPeekRendererTests;
			sourceTree = "<group>";
		};
		53980FC5D2FAA05422CD3A6321079B87 /* FlowPeek */ = {
			isa = PBXGroup;
			children = (
				D244FC4C6EA1B33DF997AA965CDC5950 /* AIPrompt.swift */,
				D79350C40CC58A9F7B55C1E3C7D10435 /* AIProviders.swift */,
				3C7599F6F40D57595BD9112D904EA496 /* APIKeyCoordinator.swift */,
				50651346D04DCE7312118A611BCB452A /* AmbientHighlight.swift */,
				7BCAB2B6532C848D4AB9997B56DEC430 /* AmbientPeekMonitor.swift */,
				DAEAD6E9890B15327233E097CC5DD4BA /* AppDelegate.swift */,
				BFF9A1800DA6A54835EBF8A73ED9CE25 /* AppState.swift */,
				D84FF4BF8C9AFB02AB35F0B5CDE548B8 /* ClipboardIndicator.swift */,
				E0C1AE502AA44F4E188251BF58963A57 /* ClipboardMonitor.swift */,
				77759D052000876DDCF07B1E0E864E55 /* DiagramPreview.swift */,
				A11DAF056AA6F488556DDA6682F97E99 /* FlowPeekApp.swift */,
				7D4E5E4F7800DB3C4076F0CF245C6D8C /* GlassWindowComponents.swift */,
				A47BA2087C8FD723DE1D0668A5414FD0 /* GlobalHotKey.swift */,
				3FB06CC2E8E4B320985938D490722579 /* InstallLocationAdvisor.swift */,
				3764AFD1B3EB5563157C584CF050AEAF /* KeychainStore.swift */,
				D1372371BD32361A2CE724800D8B8A2F /* MenuBarContent.swift */,
				9235838DA6AB266874E0B9384B765DD0 /* MermaidWebPolicy.swift */,
				7D3D0E5946D775A0752DA02AFA8BD2E5 /* MermaidWebView.swift */,
				42D0B556A228D4A90AD0A3475FCFFFD8 /* MermaidWebViewPool.swift */,
				2F31F1E4FE8DF7FFC9DAB74CDAB8581B /* Onboarding.swift */,
				21152B2C3275ED069C3E6BB6F35F74ED /* SelectionMonitor.swift */,
				B76B6136D3F20CE0F3FDC180C434EF23 /* SelectionOverlay.swift */,
				7B00FC31D20169F082C87BA569A2DD0E /* SettingsView.swift */,
				B3E64E40400A391FB767058C8D11DC3C /* SettingsWindowCoordinator.swift */,
				2321AE2D27FDD4A46DE1F6398EB72DDF /* ShortcutCenter.swift */,
				D7CD00E894214B165F55C58F75247422 /* ShortcutRecorder.swift */,
				0F4AE579CEF124909BF9F2845675557F /* TutorialPractice.swift */,
				1DFA587FFDAED4933FC4978586C620B6 /* UpdaterService.swift */,
				C0CD4B19BA263A6C1305CBCA4DD8180D /* Resources */,
			);
			name = FlowPeek;
			path = FlowPeek;
			sourceTree = "<group>";
		};
		69CFE02335B002F45B1F2C20DDBA3747 /* Config */ = {
			isa = PBXGroup;
			children = (
				1C0C8218000D324E1829DC663ABDF236 /* Info.plist */,
				C6ACC7750AE03B06D8E7374ABB25EB4A /* FlowPeek.entitlements */,
			);
			name = Config;
			path = Config;
			sourceTree = "<group>";
		};
		7BD6C19C84DDCCD4495533A3AED9476F /* Tests */ = {
			isa = PBXGroup;
			children = (
				FDB1B72E18D912DF7722B488C64BC669 /* FlowPeekCoreTests */,
				36248E2B3C9B0240266AA5335F7F3BE7 /* FlowPeekRendererTests */,
			);
			name = Tests;
			path = Tests;
			sourceTree = "<group>";
		};
		96DE2CF124B8629572F4A826C3A2FA21 /* Products */ = {
			isa = PBXGroup;
			children = (
				2E273BAB6E7F1C381D22D5106C82CA29 /* libFlowPeekCore.a */,
				B7CDFB2D9909084ADB9F6EBE7D87164B /* FlowPeek.app */,
				6CB12CED791B687066C8DB4CF40E9A30 /* FlowPeekCoreTests.xctest */,
				ABA492181E9672BC21AAF398261463DE /* FlowPeekRendererTests.xctest */,
			);
			name = Products;
			sourceTree = "<group>";
		};
		A47100E0A35BC648F628EF38235B87F8 /* Frameworks */ = {
			isa = PBXGroup;
			children = (
				F92CFA94113EBF3D0F381BF71C7E522D /* OS X */,
			);
			name = Frameworks;
			sourceTree = "<group>";
		};
		C0CD4B19BA263A6C1305CBCA4DD8180D /* Resources */ = {
			isa = PBXGroup;
			children = (
				C8C7E1EA46C30B7487DDCFAFE2C7A25D /* flowpeek-glue.js */,
				FD18DC354CB3086281A1DC36398220FD /* mermaid.min.js */,
				1BB57A94B653663259A1E57A5348B9FF /* Localizable.strings */,
			);
			name = Resources;
			path = Resources;
			sourceTree = "<group>";
		};
		D18C04588026DD7511AF51A5E762ED41 = {
			isa = PBXGroup;
			children = (
				96DE2CF124B8629572F4A826C3A2FA21 /* Products */,
				A47100E0A35BC648F628EF38235B87F8 /* Frameworks */,
				02F3BB2D1B9464AAAA5B7B52987D8BB1 /* Sources */,
				7BD6C19C84DDCCD4495533A3AED9476F /* Tests */,
				69CFE02335B002F45B1F2C20DDBA3747 /* Config */,
				E5CF5318E2D0AB9A621A9C98D9101947 /* AppIcon.icon */,
			);
			sourceTree = "<group>";
		};
		F92CFA94113EBF3D0F381BF71C7E522D /* OS X */ = {
			isa = PBXGroup;
			children = (
				82ED1D28CA2B2EBBEF0C46E5B49C8263 /* Cocoa.framework */,
			);
			name = "OS X";
			sourceTree = "<group>";
		};
		F94AA8A2A073D2D84EAE9B80C877493F /* FlowPeekCore */ = {
			isa = PBXGroup;
			children = (
				9C41910D73F7E2BF80CDCFC55FD33A3F /* AccessibilityPermissionFlow.swift */,
				43D72A759347D0BABE124E3A5F9E6BDC /* AmbientPeek.swift */,
				E17095B1AEE8349CB17FA6854E4313A8 /* AppCommandRouter.swift */,
				C8389B6798613B7B40BD7FC22EC62E9B /* AppLanguage.swift */,
				D6D4F062BA4C41629DB29B3A5F804975 /* KeyboardShortcut.swift */,
				1A0B0681C49DB925D80E6803D596C749 /* MacMermaidTheme.swift */,
				28C6A4B42AD273DCF465348E2A8D99EE /* MermaidDetector.swift */,
				7F22395CBB6B1F1E2F81DBFA74BF1DC0 /* MermaidEnginePage.swift */,
				691B4F3E5FC9CFA52E5DDF4E02F2237F /* MermaidRenderer.swift */,
				9273C3B9DFE58DF38800842E7DAF9984 /* MermaidSource.swift */,
				ABC2593C44A24DE53E65944EBCBB941D /* Models.swift */,
				CAA9B92E91E6807811DF8F9520D0641C /* OnboardingPolicy.swift */,
				E00637DA455552992B1A05814C95081C /* SelectionGatherer.swift */,
				56229ED837E93A1EBF88A1736E4FE00C /* TutorialProgress.swift */,
			);
			name = FlowPeekCore;
			path = FlowPeekCore;
			sourceTree = "<group>";
		};
		FDB1B72E18D912DF7722B488C64BC669 /* FlowPeekCoreTests */ = {
			isa = PBXGroup;
			children = (
				4B02003412F18E1A056B865B1266850E /* AccessibilityPermissionFlowTests.swift */,
				F5126D644E761B5138C1B8944A74DFC3 /* AmbientPeekTests.swift */,
				EDEA2218FCD0C79166BD1500AF46BBF4 /* AppCommandRouterTests.swift */,
				B11DE0E4DA2D0EFC6AB3D082D943DCD2 /* AppLanguageTests.swift */,
				7E250E69EB719FA0C64ABDBB8770D77B /* KeyboardShortcutTests.swift */,
				2FFCDA83442EE8EBB413D968560ABD35 /* MermaidDetectorCorpusTests.swift */,
				0946B19C67F0B8303820CAA7AB3D0B15 /* MermaidDetectorTests.swift */,
				CDDFE06DFD3BFAF4C669DFBA18DB56F0 /* MermaidRendererTests.swift */,
				4B3E9D9E44D4E4F6362C77A89339FE67 /* MermaidSourceTests.swift */,
				862D82B072C1BBBEADBA4D28CB72F9BC /* OnboardingPolicyTests.swift */,
				F61F12759697D998F040A29D1A2EE6D4 /* SelectionGathererTests.swift */,
				E4FB158EFC446890BED8791FDFC1B736 /* SelectionSnapshotTests.swift */,
				875C8D31197DC1A89D792D3EAB22300D /* TutorialProgressTests.swift */,
			);
			name = FlowPeekCoreTests;
			path = FlowPeekCoreTests;
			sourceTree = "<group>";
		};
/* End PBXGroup section */

/* Begin PBXHeadersBuildPhase section */
		2E566B27B866EA11C51B2216E539677A /* Headers */ = {
			isa = PBXHeadersBuildPhase;
			buildActionMask = 2147483647;
			files = (
			);
			runOnlyForDeploymentPostprocessing = 0;
		};
/* End PBXHeadersBuildPhase section */

/* Begin PBXNativeTarget section */
		63AEF0D880CE81FC313DB46C2A62A8FC /* FlowPeekRendererTests */ = {
			isa = PBXNativeTarget;
			buildConfigurationList = F243DC209D5D477BFF942ABD1B51BAA3 /* Build configuration list for PBXNativeTarget "FlowPeekRendererTests" */;
			buildPhases = (
				F99AE0A6998EAF403427C09D38472888 /* Sources */,
				0004619D4CF2943D840700B47E3249F0 /* Frameworks */,
				328BF66CE0E59B422246E5B47116C467 /* Resources */,
			);
			buildRules = (
			);
			dependencies = (
				E3EEFFABDB82373C8D75EEF204160237 /* PBXTargetDependency */,
			);
			name = FlowPeekRendererTests;
			productName = FlowPeekRendererTests;
			productReference = ABA492181E9672BC21AAF398261463DE /* FlowPeekRendererTests.xctest */;
			productType = "com.apple.product-type.bundle.unit-test";
		};
		973C0E285C734045D46581A869368F2D /* FlowPeekCore */ = {
			isa = PBXNativeTarget;
			buildConfigurationList = EC19A0E034AF55156B537CA40321DA42 /* Build configuration list for PBXNativeTarget "FlowPeekCore" */;
			buildPhases = (
				2E566B27B866EA11C51B2216E539677A /* Headers */,
				D6B4C87A412CAA8D8EB39B8A49D403BE /* Sources */,
				885042D1E4F27978F8C6AD7284581FEC /* Frameworks */,
			);
			buildRules = (
			);
			dependencies = (
			);
			name = FlowPeekCore;
			productName = FlowPeekCore;
			productReference = 2E273BAB6E7F1C381D22D5106C82CA29 /* libFlowPeekCore.a */;
			productType = "com.apple.product-type.library.static";
		};
		AA348701079EC846941A54D12F2B405F /* FlowPeek */ = {
			isa = PBXNativeTarget;
			buildConfigurationList = 926F50B4EE2B02EF705881E1C6B30A34 /* Build configuration list for PBXNativeTarget "FlowPeek" */;
			buildPhases = (
				36231D62134EB58DC6040873F9F01357 /* Sources */,
				FFE150E469370B647191813C242A16E6 /* Frameworks */,
				B8F34D1086DD7EBBBD8F9A932B89F669 /* Resources */,
			);
			buildRules = (
			);
			dependencies = (
				6CAF8B0DBF185A7AAA299E878EFC7679 /* PBXTargetDependency */,
			);
			name = FlowPeek;
			packageProductDependencies = (
				B26B17B45795D1364CC83DE0A5674A6E /* Sparkle */,
			);
			productName = FlowPeek;
			productReference = B7CDFB2D9909084ADB9F6EBE7D87164B /* FlowPeek.app */;
			productType = "com.apple.product-type.application";
		};
		B905CE6206B546457C111A01A6748511 /* FlowPeekCoreTests */ = {
			isa = PBXNativeTarget;
			buildConfigurationList = FDD8EA5D5D62477D7906B307DD424D88 /* Build configuration list for PBXNativeTarget "FlowPeekCoreTests" */;
			buildPhases = (
				0CEDC97F1A6B6FC6D16C040E74DB813F /* Sources */,
				CB420638CA064E9D7F1B763979ECE0B9 /* Frameworks */,
				016C91B45EA69B84EA8775081B39E338 /* Resources */,
			);
			buildRules = (
			);
			dependencies = (
				9D32228E702E8D04493DF4ACDA9227A0 /* PBXTargetDependency */,
			);
			name = FlowPeekCoreTests;
			productName = FlowPeekCoreTests;
			productReference = 6CB12CED791B687066C8DB4CF40E9A30 /* FlowPeekCoreTests.xctest */;
			productType = "com.apple.product-type.bundle.unit-test";
		};
/* End PBXNativeTarget section */

/* Begin PBXProject section */
		C70FEABD27D5F1808DAE5EAE67B4D9FE /* Project object */ = {
			isa = PBXProject;
			attributes = {
				LastSwiftUpdateCheck = 1600;
				LastUpgradeCheck = 1600;
				TargetAttributes = {
					63AEF0D880CE81FC313DB46C2A62A8FC = {
						TestTargetID = AA348701079EC846941A54D12F2B405F;
					};
				};
			};
			buildConfigurationList = 0B3BB1827692FF554328F7EA016ED14F /* Build configuration list for PBXProject "FlowPeek" */;
			compatibilityVersion = "Xcode 3.2";
			developmentRegion = en;
			hasScannedForEncodings = 0;
			knownRegions = (
				en,
				ko,
				Base,
			);
			mainGroup = D18C04588026DD7511AF51A5E762ED41;
			minimizedProjectReferenceProxies = 0;
			packageReferences = (
				EB60057B938390D83581E8AEE9CA7631 /* XCRemoteSwiftPackageReference "Sparkle" */,
			);
			preferredProjectObjectVersion = 100;
			productRefGroup = 96DE2CF124B8629572F4A826C3A2FA21 /* Products */;
			projectDirPath = "";
			projectRoot = "";
			targets = (
				973C0E285C734045D46581A869368F2D /* FlowPeekCore */,
				AA348701079EC846941A54D12F2B405F /* FlowPeek */,
				B905CE6206B546457C111A01A6748511 /* FlowPeekCoreTests */,
				63AEF0D880CE81FC313DB46C2A62A8FC /* FlowPeekRendererTests */,
			);
		};
/* End PBXProject section */

/* Begin PBXResourcesBuildPhase section */
		016C91B45EA69B84EA8775081B39E338 /* Resources */ = {
			isa = PBXResourcesBuildPhase;
			buildActionMask = 2147483647;
			files = (
			);
			runOnlyForDeploymentPostprocessing = 0;
		};
		328BF66CE0E59B422246E5B47116C467 /* Resources */ = {
			isa = PBXResourcesBuildPhase;
			buildActionMask = 2147483647;
			files = (
			);
			runOnlyForDeploymentPostprocessing = 0;
		};
		B8F34D1086DD7EBBBD8F9A932B89F669 /* Resources */ = {
			isa = PBXResourcesBuildPhase;
			buildActionMask = 2147483647;
			files = (
				332049F505635AF0CDA984A96454E6F5 /* flowpeek-glue.js in Resources */,
				0A81D4E62F22A8DCF3ECA31BD030D3AF /* mermaid.min.js in Resources */,
				91DDDC09C61968F100EB9658AD131AFA /* AppIcon.icon in Resources */,
				51D633FDC35DFF78E81CAB4F42E7C147 /* Localizable.strings in Resources */,
			);
			runOnlyForDeploymentPostprocessing = 0;
		};
/* End PBXResourcesBuildPhase section */

/* Begin PBXSourcesBuildPhase section */
		0CEDC97F1A6B6FC6D16C040E74DB813F /* Sources */ = {
			isa = PBXSourcesBuildPhase;
			buildActionMask = 2147483647;
			files = (
				864AA5B27251A02EA2B9F211E0A4202C /* AccessibilityPermissionFlowTests.swift in Sources */,
				277F718E430544B336557F514FFF7427 /* AmbientPeekTests.swift in Sources */,
				ED1B206BD0B4441618E66B8EC8F341EB /* AppCommandRouterTests.swift in Sources */,
				1F637C0359B3EB71F4E0F38B644C24E8 /* AppLanguageTests.swift in Sources */,
				51E5F6125B762F5EDBBEA1B37027583D /* KeyboardShortcutTests.swift in Sources */,
				70200E303A2815631435FD3154F82F4D /* MermaidDetectorCorpusTests.swift in Sources */,
				30E88F79F8A9EB22583696AC5B3D087E /* MermaidDetectorTests.swift in Sources */,
				6D4EC9AD84C1638E1E79ACA0BE1F76EC /* MermaidRendererTests.swift in Sources */,
				DB8A75ACF1DA341BC6D3E7ACEF82CF83 /* MermaidSourceTests.swift in Sources */,
				ADE6AF7766AA16F92F7DA2C5DFB8663C /* OnboardingPolicyTests.swift in Sources */,
				336332D74EE3315D9C83E7C4307CD533 /* SelectionGathererTests.swift in Sources */,
				DF13A03BA587DCD2986C165A963632DC /* SelectionSnapshotTests.swift in Sources */,
				1B0ACD896B391FBA4681B7CF290596DD /* TutorialProgressTests.swift in Sources */,
			);
			runOnlyForDeploymentPostprocessing = 0;
		};
		36231D62134EB58DC6040873F9F01357 /* Sources */ = {
			isa = PBXSourcesBuildPhase;
			buildActionMask = 2147483647;
			files = (
				7661FAE65B228B9735740803BC4FB9C3 /* AIPrompt.swift in Sources */,
				B82778F69D528BB60F2D38035F14FCE9 /* AIProviders.swift in Sources */,
				26DF2C59895866C99555A80DC64E2360 /* APIKeyCoordinator.swift in Sources */,
				73CC72E3B2E73115041BB15055CA1950 /* AmbientHighlight.swift in Sources */,
				A66BE0EBB32337C521605F69EE0B9F69 /* AmbientPeekMonitor.swift in Sources */,
				9C1BDC8A7640E5BA40D25A7A3C0819FA /* AppDelegate.swift in Sources */,
				A99446605ABD1AD5616580FD34D55C6F /* AppState.swift in Sources */,
				D07F3F8338DDF4E0C72C26F64CA135C1 /* ClipboardIndicator.swift in Sources */,
				18352010E9A0594A7CFB4DBF40A0240D /* ClipboardMonitor.swift in Sources */,
				CDD2C1540429759A56542C93F8785161 /* DiagramPreview.swift in Sources */,
				B36B0691FF1D3330913C76B4A480B817 /* FlowPeekApp.swift in Sources */,
				75405CB3B265F2637B28151DBB672DB4 /* GlassWindowComponents.swift in Sources */,
				93036D82EC58FBA731EF91426AB9FA57 /* GlobalHotKey.swift in Sources */,
				A0BD9DD0B35C3073FD24F0F8441F9674 /* InstallLocationAdvisor.swift in Sources */,
				65B97BCF2CC9354062833090B0E39D87 /* KeychainStore.swift in Sources */,
				69760A5C2FA8D15DB1D7C08D2AB6E416 /* MenuBarContent.swift in Sources */,
				4EFE394175BB0915F3D5537C36FBFC8B /* MermaidWebPolicy.swift in Sources */,
				FB767A84EC51326F34893D2677B2E1D7 /* MermaidWebView.swift in Sources */,
				046EC583392A1079DAE4559A37F48FB9 /* MermaidWebViewPool.swift in Sources */,
				C6CF843D1634808CA7B6A0E83F0A2770 /* Onboarding.swift in Sources */,
				4DF17A1FAB4B5F6629E86B98D315201F /* SelectionMonitor.swift in Sources */,
				6DFB2B08795FA77064D4F8A27CE3D39C /* SelectionOverlay.swift in Sources */,
				62B07CF9B9DCE2339BCEFA5DF5732350 /* SettingsView.swift in Sources */,
				083626C498691255AB9BFD612BE1B781 /* SettingsWindowCoordinator.swift in Sources */,
				C53C04EDF034EE68D6600CC21DA2D487 /* ShortcutCenter.swift in Sources */,
				095FC57B4E175331AD4901D6EB26A596 /* ShortcutRecorder.swift in Sources */,
				CB611E5BC360CB78437DCE890DC9C4D0 /* TutorialPractice.swift in Sources */,
				C437CCD1241428CC7B26CD765F052AC9 /* UpdaterService.swift in Sources */,
			);
			runOnlyForDeploymentPostprocessing = 0;
		};
		D6B4C87A412CAA8D8EB39B8A49D403BE /* Sources */ = {
			isa = PBXSourcesBuildPhase;
			buildActionMask = 2147483647;
			files = (
				9C17CD8CEA16A5E2C3684C5C948A0E38 /* AccessibilityPermissionFlow.swift in Sources */,
				681D6E8A82EDBE8007B4ED10A2586BDE /* AmbientPeek.swift in Sources */,
				557BFFAA87542863F201C1EC49806C2F /* AppCommandRouter.swift in Sources */,
				C6925D63E9F059891946336BD52B9E8E /* AppLanguage.swift in Sources */,
				FB78D0849FFB6AB511D793CC9DF2E224 /* KeyboardShortcut.swift in Sources */,
				A867BE413F3368BF19C95CC7E2664551 /* MacMermaidTheme.swift in Sources */,
				083887E5002ED371927E3AEB03D36ED2 /* MermaidDetector.swift in Sources */,
				6506BB3EE11FE44EA6EADCC035D47AE5 /* MermaidEnginePage.swift in Sources */,
				2EBF778B5C4C87880396575B188AECD4 /* MermaidRenderer.swift in Sources */,
				07D324E06C8023A036129115CCCE3E97 /* MermaidSource.swift in Sources */,
				D38EF32F71A4E2B8FC07CC8F304ED27F /* Models.swift in Sources */,
				BE88253D2C78248199AF460AA99AD7FB /* OnboardingPolicy.swift in Sources */,
				C03B1DC9CB56C09F1BAC6F2940C049BB /* SelectionGatherer.swift in Sources */,
				558E01A94921C9EAD78AFD8416B2D04B /* TutorialProgress.swift in Sources */,
			);
			runOnlyForDeploymentPostprocessing = 0;
		};
		F99AE0A6998EAF403427C09D38472888 /* Sources */ = {
			isa = PBXSourcesBuildPhase;
			buildActionMask = 2147483647;
			files = (
				30992866309DF555DE49DAECBF7B7292 /* MermaidEngineTests.swift in Sources */,
				6548EF340F2EFA1D5EFB12543CE041DD /* PreviewLifecycleTests.swift in Sources */,
				4A0FED3F190C793E15B09728E09FC842 /* RendererTestBundleTests.swift in Sources */,
			);
			runOnlyForDeploymentPostprocessing = 0;
		};
/* End PBXSourcesBuildPhase section */

/* Begin PBXTargetDependency section */
		6CAF8B0DBF185A7AAA299E878EFC7679 /* PBXTargetDependency */ = {
			isa = PBXTargetDependency;
			name = FlowPeekCore;
			target = 973C0E285C734045D46581A869368F2D /* FlowPeekCore */;
			targetProxy = 3EA5BE313A098A83353B1EE61155BEF9 /* PBXContainerItemProxy */;
		};
		9D32228E702E8D04493DF4ACDA9227A0 /* PBXTargetDependency */ = {
			isa = PBXTargetDependency;
			name = FlowPeekCore;
			target = 973C0E285C734045D46581A869368F2D /* FlowPeekCore */;
			targetProxy = DE3A92F166E57F7B24E783D398C0D60D /* PBXContainerItemProxy */;
		};
		E3EEFFABDB82373C8D75EEF204160237 /* PBXTargetDependency */ = {
			isa = PBXTargetDependency;
			name = FlowPeek;
			target = AA348701079EC846941A54D12F2B405F /* FlowPeek */;
			targetProxy = CC35A4554B8118796A0CA8FAEF4EF7B8 /* PBXContainerItemProxy */;
		};
/* End PBXTargetDependency section */

/* Begin PBXVariantGroup section */
		1BB57A94B653663259A1E57A5348B9FF /* Localizable.strings */ = {
			isa = PBXVariantGroup;
			children = (
				5F4FA72D75C7581591C019760B5F5470 /* Localizable.strings */,
				CBB86AA6018EBB4CA5CDC03D80192248 /* Localizable.strings */,
			);
			name = Localizable.strings;
			sourceTree = "<group>";
		};
/* End PBXVariantGroup section */

/* Begin XCBuildConfiguration section */
		090B6F9659402B2D35CAA7AD0C56AE87 /* Release */ = {
			isa = XCBuildConfiguration;
			buildSettings = {
				ALWAYS_SEARCH_USER_PATHS = NO;
				CLANG_ANALYZER_NONNULL = YES;
				CLANG_ANALYZER_NUMBER_OBJECT_CONVERSION = YES_AGGRESSIVE;
				CLANG_CXX_LANGUAGE_STANDARD = "gnu++14";
				CLANG_CXX_LIBRARY = "libc++";
				CLANG_ENABLE_MODULES = YES;
				CLANG_ENABLE_OBJC_ARC = YES;
				CLANG_ENABLE_OBJC_WEAK = YES;
				CLANG_WARN_BLOCK_CAPTURE_AUTORELEASING = YES;
				CLANG_WARN_BOOL_CONVERSION = YES;
				CLANG_WARN_COMMA = YES;
				CLANG_WARN_CONSTANT_CONVERSION = YES;
				CLANG_WARN_DEPRECATED_OBJC_IMPLEMENTATIONS = YES;
				CLANG_WARN_DIRECT_OBJC_ISA_USAGE = YES_ERROR;
				CLANG_WARN_DOCUMENTATION_COMMENTS = YES;
				CLANG_WARN_EMPTY_BODY = YES;
				CLANG_WARN_ENUM_CONVERSION = YES;
				CLANG_WARN_INFINITE_RECURSION = YES;
				CLANG_WARN_INT_CONVERSION = YES;
				CLANG_WARN_NON_LITERAL_NULL_CONVERSION = YES;
				CLANG_WARN_OBJC_IMPLICIT_RETAIN_SELF = YES;
				CLANG_WARN_OBJC_LITERAL_CONVERSION = YES;
				CLANG_WARN_OBJC_ROOT_CLASS = YES_ERROR;
				CLANG_WARN_QUOTED_INCLUDE_IN_FRAMEWORK_HEADER = YES;
				CLANG_WARN_RANGE_LOOP_ANALYSIS = YES;
				CLANG_WARN_STRICT_PROTOTYPES = YES;
				CLANG_WARN_SUSPICIOUS_MOVE = YES;
				CLANG_WARN_UNGUARDED_AVAILABILITY = YES_AGGRESSIVE;
				CLANG_WARN_UNREACHABLE_CODE = YES;
				CLANG_WARN__DUPLICATE_METHOD_MATCH = YES;
				COPY_PHASE_STRIP = NO;
				DEBUG_INFORMATION_FORMAT = "dwarf-with-dsym";
				ENABLE_NS_ASSERTIONS = NO;
				ENABLE_STRICT_OBJC_MSGSEND = YES;
				GCC_C_LANGUAGE_STANDARD = gnu11;
				GCC_NO_COMMON_BLOCKS = YES;
				GCC_WARN_64_TO_32_BIT_CONVERSION = YES;
				GCC_WARN_ABOUT_RETURN_TYPE = YES_ERROR;
				GCC_WARN_UNDECLARED_SELECTOR = YES;
				GCC_WARN_UNINITIALIZED_AUTOS = YES_AGGRESSIVE;
				GCC_WARN_UNUSED_FUNCTION = YES;
				GCC_WARN_UNUSED_VARIABLE = YES;
				MACOSX_DEPLOYMENT_TARGET = 14.0;
				MTL_ENABLE_DEBUG_INFO = NO;
				MTL_FAST_MATH = YES;
				PRODUCT_NAME = "$(TARGET_NAME)";
				SWIFT_COMPILATION_MODE = wholemodule;
				SWIFT_OPTIMIZATION_LEVEL = "-O";
				SWIFT_VERSION = 5.0;
			};
			name = Release;
		};
		17693A0BDC72F0A46548CFCA0A851049 /* Release */ = {
			isa = XCBuildConfiguration;
			buildSettings = {
				ENABLE_TESTABILITY = NO;
				EXECUTABLE_PREFIX = lib;
				MACOSX_DEPLOYMENT_TARGET = 14.0;
				PRODUCT_MODULE_NAME = FlowPeekCore;
				PRODUCT_NAME = FlowPeekCore;
				SDKROOT = macosx;
				SKIP_INSTALL = YES;
				SWIFT_VERSION = 6.0;
			};
			name = Release;
		};
		4B895661A516F26119C1750031113657 /* Debug */ = {
			isa = XCBuildConfiguration;
			buildSettings = {
				ASSETCATALOG_COMPILER_APPICON_NAME = AppIcon;
				ASSETCATALOG_COMPILER_GLOBAL_ACCENT_COLOR_NAME = AccentColor;
				CODE_SIGN_ENTITLEMENTS = Config/FlowPeek.entitlements;
				CODE_SIGN_STYLE = Automatic;
				COMBINE_HIDPI_IMAGES = YES;
				CURRENT_PROJECT_VERSION = 1;
				DEVELOPMENT_TEAM = F7WUT95TT6;
				ENABLE_APP_SANDBOX = NO;
				ENABLE_HARDENED_RUNTIME = NO;
				ENABLE_TESTABILITY = YES;
				GENERATE_INFOPLIST_FILE = NO;
				INFOPLIST_FILE = Config/Info.plist;
				LD_RUNPATH_SEARCH_PATHS = "$(inherited) @executable_path/../Frameworks";
				MACOSX_DEPLOYMENT_TARGET = 14.0;
				MARKETING_VERSION = 0.1.0;
				PRODUCT_BUNDLE_IDENTIFIER = com.selenehyun.FlowPeek;
				PRODUCT_NAME = FlowPeek;
				SDKROOT = macosx;
				SWIFT_EMIT_LOC_STRINGS = YES;
				SWIFT_VERSION = 6.0;
			};
			name = Debug;
		};
		549E7A6AD3AF3F30A0BB555E31B67BDF /* Debug */ = {
			isa = XCBuildConfiguration;
			buildSettings = {
				CODE_SIGN_STYLE = Automatic;
				DEVELOPMENT_TEAM = F7WUT95TT6;
				GENERATE_INFOPLIST_FILE = YES;
				LD_RUNPATH_SEARCH_PATHS = "$(inherited) @executable_path/../Frameworks @loader_path/../Frameworks";
				MACOSX_DEPLOYMENT_TARGET = 14.0;
				PRODUCT_BUNDLE_IDENTIFIER = com.selenehyun.FlowPeek.FlowPeekCoreTests;
				PRODUCT_NAME = "$(TARGET_NAME)";
				SDKROOT = macosx;
				SKIP_INSTALL = YES;
				SWIFT_VERSION = 6.0;
			};
			name = Debug;
		};
		890BB532CB7E00A5CEE1946D32D8DC8E /* Debug */ = {
			isa = XCBuildConfiguration;
			buildSettings = {
				ENABLE_TESTABILITY = YES;
				EXECUTABLE_PREFIX = lib;
				MACOSX_DEPLOYMENT_TARGET = 14.0;
				PRODUCT_MODULE_NAME = FlowPeekCore;
				PRODUCT_NAME = FlowPeekCore;
				SDKROOT = macosx;
				SKIP_INSTALL = YES;
				SWIFT_VERSION = 6.0;
			};
			name = Debug;
		};
		926F6BC6B0D709FF81F74185C2388B42 /* Debug */ = {
			isa = XCBuildConfiguration;
			buildSettings = {
				ALWAYS_SEARCH_USER_PATHS = NO;
				CLANG_ANALYZER_NONNULL = YES;
				CLANG_ANALYZER_NUMBER_OBJECT_CONVERSION = YES_AGGRESSIVE;
				CLANG_CXX_LANGUAGE_STANDARD = "gnu++14";
				CLANG_CXX_LIBRARY = "libc++";
				CLANG_ENABLE_MODULES = YES;
				CLANG_ENABLE_OBJC_ARC = YES;
				CLANG_ENABLE_OBJC_WEAK = YES;
				CLANG_WARN_BLOCK_CAPTURE_AUTORELEASING = YES;
				CLANG_WARN_BOOL_CONVERSION = YES;
				CLANG_WARN_COMMA = YES;
				CLANG_WARN_CONSTANT_CONVERSION = YES;
				CLANG_WARN_DEPRECATED_OBJC_IMPLEMENTATIONS = YES;
				CLANG_WARN_DIRECT_OBJC_ISA_USAGE = YES_ERROR;
				CLANG_WARN_DOCUMENTATION_COMMENTS = YES;
				CLANG_WARN_EMPTY_BODY = YES;
				CLANG_WARN_ENUM_CONVERSION = YES;
				CLANG_WARN_INFINITE_RECURSION = YES;
				CLANG_WARN_INT_CONVERSION = YES;
				CLANG_WARN_NON_LITERAL_NULL_CONVERSION = YES;
				CLANG_WARN_OBJC_IMPLICIT_RETAIN_SELF = YES;
				CLANG_WARN_OBJC_LITERAL_CONVERSION = YES;
				CLANG_WARN_OBJC_ROOT_CLASS = YES_ERROR;
				CLANG_WARN_QUOTED_INCLUDE_IN_FRAMEWORK_HEADER = YES;
				CLANG_WARN_RANGE_LOOP_ANALYSIS = YES;
				CLANG_WARN_STRICT_PROTOTYPES = YES;
				CLANG_WARN_SUSPICIOUS_MOVE = YES;
				CLANG_WARN_UNGUARDED_AVAILABILITY = YES_AGGRESSIVE;
				CLANG_WARN_UNREACHABLE_CODE = YES;
				CLANG_WARN__DUPLICATE_METHOD_MATCH = YES;
				COPY_PHASE_STRIP = NO;
				DEBUG_INFORMATION_FORMAT = dwarf;
				ENABLE_STRICT_OBJC_MSGSEND = YES;
				ENABLE_TESTABILITY = YES;
				GCC_C_LANGUAGE_STANDARD = gnu11;
				GCC_DYNAMIC_NO_PIC = NO;
				GCC_NO_COMMON_BLOCKS = YES;
				GCC_OPTIMIZATION_LEVEL = 0;
				GCC_PREPROCESSOR_DEFINITIONS = (
					"DEBUG=1",
					"$(inherited)",
				);
				GCC_WARN_64_TO_32_BIT_CONVERSION = YES;
				GCC_WARN_ABOUT_RETURN_TYPE = YES_ERROR;
				GCC_WARN_UNDECLARED_SELECTOR = YES;
				GCC_WARN_UNINITIALIZED_AUTOS = YES_AGGRESSIVE;
				GCC_WARN_UNUSED_FUNCTION = YES;
				GCC_WARN_UNUSED_VARIABLE = YES;
				MACOSX_DEPLOYMENT_TARGET = 14.0;
				MTL_ENABLE_DEBUG_INFO = INCLUDE_SOURCE;
				MTL_FAST_MATH = YES;
				ONLY_ACTIVE_ARCH = YES;
				PRODUCT_NAME = "$(TARGET_NAME)";
				SWIFT_ACTIVE_COMPILATION_CONDITIONS = DEBUG;
				SWIFT_OPTIMIZATION_LEVEL = "-Onone";
				SWIFT_VERSION = 5.0;
			};
			name = Debug;
		};
		9F4021E017D5C068CA9BA249A68027AD /* Release */ = {
			isa = XCBuildConfiguration;
			buildSettings = {
				CODE_SIGN_STYLE = Automatic;
				DEVELOPMENT_TEAM = F7WUT95TT6;
				GENERATE_INFOPLIST_FILE = YES;
				LD_RUNPATH_SEARCH_PATHS = "$(inherited) @executable_path/../Frameworks @loader_path/../Frameworks";
				MACOSX_DEPLOYMENT_TARGET = 14.0;
				PRODUCT_BUNDLE_IDENTIFIER = com.selenehyun.FlowPeek.FlowPeekCoreTests;
				PRODUCT_NAME = "$(TARGET_NAME)";
				SDKROOT = macosx;
				SKIP_INSTALL = YES;
				SWIFT_VERSION = 6.0;
			};
			name = Release;
		};
		D973C4F25F637178CF4F32892CF47AFC /* Release */ = {
			isa = XCBuildConfiguration;
			buildSettings = {
				ASSETCATALOG_COMPILER_APPICON_NAME = AppIcon;
				ASSETCATALOG_COMPILER_GLOBAL_ACCENT_COLOR_NAME = AccentColor;
				CODE_SIGN_ENTITLEMENTS = Config/FlowPeek.entitlements;
				CODE_SIGN_STYLE = Automatic;
				COMBINE_HIDPI_IMAGES = YES;
				CURRENT_PROJECT_VERSION = 1;
				DEVELOPMENT_TEAM = F7WUT95TT6;
				ENABLE_APP_SANDBOX = NO;
				ENABLE_HARDENED_RUNTIME = YES;
				ENABLE_TESTABILITY = NO;
				GENERATE_INFOPLIST_FILE = NO;
				INFOPLIST_FILE = Config/Info.plist;
				LD_RUNPATH_SEARCH_PATHS = "$(inherited) @executable_path/../Frameworks";
				MACOSX_DEPLOYMENT_TARGET = 14.0;
				MARKETING_VERSION = 0.1.0;
				PRODUCT_BUNDLE_IDENTIFIER = com.selenehyun.FlowPeek;
				PRODUCT_NAME = FlowPeek;
				SDKROOT = macosx;
				SWIFT_EMIT_LOC_STRINGS = YES;
				SWIFT_VERSION = 6.0;
			};
			name = Release;
		};
		EA36B1931F9E4B1491883E06F6FBFCD9 /* Debug */ = {
			isa = XCBuildConfiguration;
			buildSettings = {
				BUNDLE_LOADER = "$(TEST_HOST)";
				CODE_SIGN_STYLE = Automatic;
				DEVELOPMENT_TEAM = F7WUT95TT6;
				GENERATE_INFOPLIST_FILE = YES;
				LD_RUNPATH_SEARCH_PATHS = "$(inherited) @executable_path/../Frameworks @loader_path/../Frameworks";
				MACOSX_DEPLOYMENT_TARGET = 14.0;
				PRODUCT_BUNDLE_IDENTIFIER = com.selenehyun.FlowPeek.FlowPeekRendererTests;
				PRODUCT_NAME = "$(TARGET_NAME)";
				SDKROOT = macosx;
				SKIP_INSTALL = YES;
				SWIFT_VERSION = 6.0;
				TEST_HOST = "$(BUILT_PRODUCTS_DIR)/FlowPeek.app/Contents/MacOS/FlowPeek";
			};
			name = Debug;
		};
		FD68F845D6B5FF02F4BA429FE5D092B1 /* Release */ = {
			isa = XCBuildConfiguration;
			buildSettings = {
				BUNDLE_LOADER = "$(TEST_HOST)";
				CODE_SIGN_STYLE = Automatic;
				DEVELOPMENT_TEAM = F7WUT95TT6;
				GENERATE_INFOPLIST_FILE = YES;
				LD_RUNPATH_SEARCH_PATHS = "$(inherited) @executable_path/../Frameworks @loader_path/../Frameworks";
				MACOSX_DEPLOYMENT_TARGET = 14.0;
				PRODUCT_BUNDLE_IDENTIFIER = com.selenehyun.FlowPeek.FlowPeekRendererTests;
				PRODUCT_NAME = "$(TARGET_NAME)";
				SDKROOT = macosx;
				SKIP_INSTALL = YES;
				SWIFT_VERSION = 6.0;
				TEST_HOST = "$(BUILT_PRODUCTS_DIR)/FlowPeek.app/Contents/MacOS/FlowPeek";
			};
			name = Release;
		};
/* End XCBuildConfiguration section */

/* Begin XCConfigurationList section */
		0B3BB1827692FF554328F7EA016ED14F /* Build configuration list for PBXProject "FlowPeek" */ = {
			isa = XCConfigurationList;
			buildConfigurations = (
				926F6BC6B0D709FF81F74185C2388B42 /* Debug */,
				090B6F9659402B2D35CAA7AD0C56AE87 /* Release */,
			);
			defaultConfigurationIsVisible = 0;
			defaultConfigurationName = Release;
		};
		926F50B4EE2B02EF705881E1C6B30A34 /* Build configuration list for PBXNativeTarget "FlowPeek" */ = {
			isa = XCConfigurationList;
			buildConfigurations = (
				D973C4F25F637178CF4F32892CF47AFC /* Release */,
				4B895661A516F26119C1750031113657 /* Debug */,
			);
			defaultConfigurationIsVisible = 0;
			defaultConfigurationName = Release;
		};
		EC19A0E034AF55156B537CA40321DA42 /* Build configuration list for PBXNativeTarget "FlowPeekCore" */ = {
			isa = XCConfigurationList;
			buildConfigurations = (
				17693A0BDC72F0A46548CFCA0A851049 /* Release */,
				890BB532CB7E00A5CEE1946D32D8DC8E /* Debug */,
			);
			defaultConfigurationIsVisible = 0;
			defaultConfigurationName = Release;
		};
		F243DC209D5D477BFF942ABD1B51BAA3 /* Build configuration list for PBXNativeTarget "FlowPeekRendererTests" */ = {
			isa = XCConfigurationList;
			buildConfigurations = (
				FD68F845D6B5FF02F4BA429FE5D092B1 /* Release */,
				EA36B1931F9E4B1491883E06F6FBFCD9 /* Debug */,
			);
			defaultConfigurationIsVisible = 0;
			defaultConfigurationName = Release;
		};
		FDD8EA5D5D62477D7906B307DD424D88 /* Build configuration list for PBXNativeTarget "FlowPeekCoreTests" */ = {
			isa = XCConfigurationList;
			buildConfigurations = (
				9F4021E017D5C068CA9BA249A68027AD /* Release */,
				549E7A6AD3AF3F30A0BB555E31B67BDF /* Debug */,
			);
			defaultConfigurationIsVisible = 0;
			defaultConfigurationName = Release;
		};
/* End XCConfigurationList section */

/* Begin XCRemoteSwiftPackageReference section */
		EB60057B938390D83581E8AEE9CA7631 /* XCRemoteSwiftPackageReference "Sparkle" */ = {
			isa = XCRemoteSwiftPackageReference;
			repositoryURL = "https://github.com/sparkle-project/Sparkle";
			requirement = {
				kind = exactVersion;
				version = 2.9.2;
			};
		};
/* End XCRemoteSwiftPackageReference section */

/* Begin XCSwiftPackageProductDependency section */
		B26B17B45795D1364CC83DE0A5674A6E /* Sparkle */ = {
			isa = XCSwiftPackageProductDependency;
			package = EB60057B938390D83581E8AEE9CA7631 /* XCRemoteSwiftPackageReference "Sparkle" */;
			productName = Sparkle;
		};
/* End XCSwiftPackageProductDependency section */
	};
	rootObject = C70FEABD27D5F1808DAE5EAE67B4D9FE /* Project object */;
}
